// !$*UTF8*$!
{
	archiveVersion = 1;
	classes = {
	};
	objectVersion = 77;
	objects = {

/* Begin PBXBuildFile section */
		01ED0D8617160F0FE7C242AE /* ChallengeStateTests.swift in Sources */ = {isa = PBXBuildFile; fileRef = 910499E8EA4BC20C9D19A805 /* ChallengeStateTests.swift */; };
		0BCA9426FC225C3B529479F1 /* ChallengeBoardView.swift in Sources */ = {isa = PBXBuildFile; fileRef = 69E056AE2D8618A55D4731E1 /* ChallengeBoardView.swift */; };
		1B32938AD2D687D0ADCA77B3 /* ClipPreviewComponents.swift in Sources */ = {isa = PBXBuildFile; fileRef = 75E73E5C157A0714BD9B0544 /* ClipPreviewComponents.swift */; };
		1CF9553D522526F39E799665 /* RoomSyncService.swift in Sources */ = {isa = PBXBuildFile; fileRef = 35CFF8D9FFA9B5BBF4505FAB /* RoomSyncService.swift */; };
		1D93DD01DB9ACDB322995D4E /* LocalizationTests.swift in Sources */ = {isa = PBXBuildFile; fileRef = 1203805BE113F00D0764E06C /* LocalizationTests.swift */; };
		1F37BFE90A0883A53F0CF4BE /* DayClip.swift in Sources */ = {isa = PBXBuildFile; fileRef = EA0E3B6710E2DA89EAD960CF /* DayClip.swift */; };
		22DF98AB87695CF709B9BFDA /* ClipFileStore.swift in Sources */ = {isa = PBXBuildFile; fileRef = 3B166E63A2BA6F620F69321D /* ClipFileStore.swift */; };
		2A2DD3C2BA7A8D6CEFD71489 /* InfoPlist.strings in Resources */ = {isa = PBXBuildFile; fileRef = C8D1086383EEF6A0070567C4 /* InfoPlist.strings */; };
		2AD9583C53C6A55CD773CC0C /* CameraComponents.swift in Sources */ = {isa = PBXBuildFile; fileRef = 0E0FDF28043B736116C77C99 /* CameraComponents.swift */; };
		2FF3618880D31EBE758A582E /* BuildTemplateView.swift in Sources */ = {isa = PBXBuildFile; fileRef = 455F39D16DA91C86EB710E8E /* BuildTemplateView.swift */; };
		359934DE9703C561BD773EEA /* Theme.swift in Sources */ = {isa = PBXBuildFile; fileRef = 9B50B39418A708023F95ACFF /* Theme.swift */; };
		3AACADA55B944C1F045B2B09 /* RootShellView.swift in Sources */ = {isa = PBXBuildFile; fileRef = 316FA8086369996C7A7C9639 /* RootShellView.swift */; };
		3B49FADD86FE41EAA8AB55FF /* DayCardView.swift in Sources */ = {isa = PBXBuildFile; fileRef = CFCAD9798DDE79B3F928C42A /* DayCardView.swift */; };
		42377E3ABDBC49EB785303E5 /* day5.mp4 in Resources */ = {isa = PBXBuildFile; fileRef = C6D938A715DC8FC39E096E34 /* day5.mp4 */; };
		54BC59A4D84A8547653AC09A /* ClipPlayback.swift in Sources */ = {isa = PBXBuildFile; fileRef = 8AC7524C5A9AAC7162DDDA87 /* ClipPlayback.swift */; };
		554B8091DA77140C881769E6 /* HomeView.swift in Sources */ = {isa = PBXBuildFile; fileRef = BDA1F65CA23519EB89DE7F32 /* HomeView.swift */; };
		563F86A16EC88D4D55B8CB04 /* VideoStitcher.swift in Sources */ = {isa = PBXBuildFile; fileRef = DDFA2FC17353B12549FB3213 /* VideoStitcher.swift */; };
		586AF2600531B99839F3ECEF /* AISetlogApp.swift in Sources */ = {isa = PBXBuildFile; fileRef = 7F0C91DDF53E65DB3F78D79E /* AISetlogApp.swift */; };
		5B6DE91ABBC34EFBBD138A5F /* BoardTheme.swift in Sources */ = {isa = PBXBuildFile; fileRef = 92B55A0585DEBADDE34CA337 /* BoardTheme.swift */; };
		6200BC8E1A76CEA8814D44AF /* day1.mp4 in Resources */ = {isa = PBXBuildFile; fileRef = 53B60B7627FE0D5F9B726628 /* day1.mp4 */; };
		67D8CB52089F388B44C725C3 /* AccountStore.swift in Sources */ = {isa = PBXBuildFile; fileRef = 1C3C2A2B0AE72D844F68EB50 /* AccountStore.swift */; };
		69C7707A02F0831EE4945794 /* SettingsView.swift in Sources */ = {isa = PBXBuildFile; fileRef = 6E746E00C782FC429881A9E0 /* SettingsView.swift */; };
		6FA312785659F9EF7190F15E /* ClipInteraction.swift in Sources */ = {isa = PBXBuildFile; fileRef = 01BA18EF86A7555B31D64B1B /* ClipInteraction.swift */; };
		70A01067E178AD7F0A0A3004 /* JoinInviteSheet.swift in Sources */ = {isa = PBXBuildFile; fileRef = EF6D32673A9943272D5463EC /* JoinInviteSheet.swift */; };
		72BB38409A834950DC0B8376 /* ChallengeStore.swift in Sources */ = {isa = PBXBuildFile; fileRef = D84B3F62C6B701FAA556F17C /* ChallengeStore.swift */; };
		73568613DFD35A04E218A647 /* FinalReelView.swift in Sources */ = {isa = PBXBuildFile; fileRef = 1D6A2819331DB63F45967849 /* FinalReelView.swift */; };
		758908C136A85AD09167568B /* HomeComponents.swift in Sources */ = {isa = PBXBuildFile; fileRef = ED0592BFDD349E6CE539D48A /* HomeComponents.swift */; };
		7E8BEF849C579E4C2BA064A7 /* Challenge.swift in Sources */ = {isa = PBXBuildFile; fileRef = C77CA7B14A9377DA4208ECED /* Challenge.swift */; };
		7E9B4219C8D6196273ECE291 /* RecordClipView.swift in Sources */ = {isa = PBXBuildFile; fileRef = 08062D437D1CBE853146D03F /* RecordClipView.swift */; };
		87B43DAA272CACEFA7291E28 /* ChallengePresenter.swift in Sources */ = {isa = PBXBuildFile; fileRef = CAE40B9C575B80C591374DFE /* ChallengePresenter.swift */; };
		87DD4795CEA90D57CDB9ED92 /* day6.mp4 in Resources */ = {isa = PBXBuildFile; fileRef = EC0436F8A0067CBBA1A8A6A2 /* day6.mp4 */; };
		8D1A5A68DF6BA0461E980BF1 /* Localization.swift in Sources */ = {isa = PBXBuildFile; fileRef = EE75EB1358ED3CA2E38EE93E /* Localization.swift */; };
		8E2482480EEFA919414E9CD1 /* day2.mp4 in Resources */ = {isa = PBXBuildFile; fileRef = 51C2B0CFDCC4CAF314DC9A3F /* day2.mp4 */; };
		93343E5A09C862286ECA9F98 /* day3.mp4 in Resources */ = {isa = PBXBuildFile; fileRef = 3F3F2013CDEC4CCAB8F88D82 /* day3.mp4 */; };
		938D7AD5D9086826F0097F4A /* VideoStitcherTests.swift in Sources */ = {isa = PBXBuildFile; fileRef = 334D3FA26FA28D977BC50ECE /* VideoStitcherTests.swift */; };
		9DBC9FAD8C3479BF24BC2D8F /* day7.mp4 in Resources */ = {isa = PBXBuildFile; fileRef = E78E5DAF6F0CBFD026FC6596 /* day7.mp4 */; };
		9E5E1772F63AD479BD37068F /* HomeSections.swift in Sources */ = {isa = PBXBuildFile; fileRef = 104829B6EE2E733A47B8BE68 /* HomeSections.swift */; };
		ABA3F184ED9F5F221FC69467 /* ChallengeRepository.swift in Sources */ = {isa = PBXBuildFile; fileRef = 73575490179E30D459EFDBA2 /* ChallengeRepository.swift */; };
		B1D076EB4830B7B50BEC6B47 /* ClipPreviewView.swift in Sources */ = {isa = PBXBuildFile; fileRef = DA520086AD531DD7B14C9812 /* ClipPreviewView.swift */; };
		B2226293963B94F0DE5E30BD /* MemberChip.swift in Sources */ = {isa = PBXBuildFile; fileRef = C9E29668954C7B76AF34FCD5 /* MemberChip.swift */; };
		B433A345D45D85E1B641928E /* Identity+Color.swift in Sources */ = {isa = PBXBuildFile; fileRef = 357B6A37FBB51AA264F15243 /* Identity+Color.swift */; };
		B4B8040731E08FEF6E7CE47C /* CloudKitService.swift in Sources */ = {isa = PBXBuildFile; fileRef = 27C8EBBAA108E0B6BAD2FF7C /* CloudKitService.swift */; };
		C6B267B599F7D352342E5315 /* Assets.xcassets in Resources */ = {isa = PBXBuildFile; fileRef = 03F8F9F092CD5354A1197CCB /* Assets.xcassets */; };
		CDD9BDBE43ED533CDDC8B918 /* HomeCards.swift in Sources */ = {isa = PBXBuildFile; fileRef = 0097B739046AF160529FCB55 /* HomeCards.swift */; };
		D0049DC717160AD6A533D366 /* MomentCatalog.swift in Sources */ = {isa = PBXBuildFile; fileRef = 3F553DA583104CE8F17B75EC /* MomentCatalog.swift */; };
		D3CB195CDE74A66B36954C10 /* DayCard.swift in Sources */ = {isa = PBXBuildFile; fileRef = B1A2AE0704E7AD406295107B /* DayCard.swift */; };
		D4DC4A08FD1EDCECAD0A2A55 /* day4.mp4 in Resources */ = {isa = PBXBuildFile; fileRef = F90C3C82460198330C866D6A /* day4.mp4 */; };
		DCAB52ECA6FD55139B02F699 /* NewChallengeComponents.swift in Sources */ = {isa = PBXBuildFile; fileRef = A4220C640EA65EB797B18A21 /* NewChallengeComponents.swift */; };
		DDA69B1DB0F5875459629744 /* ProgressRing.swift in Sources */ = {isa = PBXBuildFile; fileRef = 7C5B9A68FF1712B56A2D9A75 /* ProgressRing.swift */; };
		E4856DCD8401EA9875206061 /* ClipRecorder.swift in Sources */ = {isa = PBXBuildFile; fileRef = 9A9F4DAB25F0BED115C92230 /* ClipRecorder.swift */; };
		E538DFC3DB8E4704C64ED6FF /* ChallengeTemplate.swift in Sources */ = {isa = PBXBuildFile; fileRef = 5162510745E644A4CBC5388F /* ChallengeTemplate.swift */; };
		E6EC39065A0E9B1513CC7D40 /* NewChallengeView.swift in Sources */ = {isa = PBXBuildFile; fileRef = E43B7D1B8E687819213696BB /* NewChallengeView.swift */; };
		E890890209424E337E127B55 /* Identity.swift in Sources */ = {isa = PBXBuildFile; fileRef = 3B30BF702896AFF766E6DC46 /* Identity.swift */; };
		F5FB6686461ADD69FEE12B09 /* SignInView.swift in Sources */ = {isa = PBXBuildFile; fileRef = 297FD49D423AAAAF52D8A093 /* SignInView.swift */; };
/* End PBXBuildFile section */

/* Begin PBXContainerItemProxy section */
		7FE31AB379EF8FBD45017AFF /* PBXContainerItemProxy */ = {
			isa = PBXContainerItemProxy;
			containerPortal = B714AC763B8DC6B6CDF9CEF4 /* Project object */;
			proxyType = 1;
			remoteGlobalIDString = 8D75B5404776D2624BE354D4;
			remoteInfo = AISetlog;
		};
/* End PBXContainerItemProxy section */

/* Begin PBXFileReference section */
		0097B739046AF160529FCB55 /* HomeCards.swift */ = {isa = PBXFileReference; lastKnownFileType = sourcecode.swift; path = HomeCards.swift; sourceTree = "<group>"; };
		01BA18EF86A7555B31D64B1B /* ClipInteraction.swift */ = {isa = PBXFileReference; lastKnownFileType = sourcecode.swift; path = ClipInteraction.swift; sourceTree = "<group>"; };
		03F8F9F092CD5354A1197CCB /* Assets.xcassets */ = {isa = PBXFileReference; lastKnownFileType = folder.assetcatalog; path = Assets.xcassets; sourceTree = "<group>"; };
		08062D437D1CBE853146D03F /* RecordClipView.swift */ = {isa = PBXFileReference; lastKnownFileType = sourcecode.swift; path = RecordClipView.swift; sourceTree = "<group>"; };
		0E0FDF28043B736116C77C99 /* CameraComponents.swift */ = {isa = PBXFileReference; lastKnownFileType = sourcecode.swift; path = CameraComponents.swift; sourceTree = "<group>"; };
		104829B6EE2E733A47B8BE68 /* HomeSections.swift */ = {isa = PBXFileReference; lastKnownFileType = sourcecode.swift; path = HomeSections.swift; sourceTree = "<group>"; };
		1203805BE113F00D0764E06C /* LocalizationTests.swift */ = {isa = PBXFileReference; lastKnownFileType = sourcecode.swift; path = LocalizationTests.swift; sourceTree = "<group>"; };
		1C3C2A2B0AE72D844F68EB50 /* AccountStore.swift */ = {isa = PBXFileReference; lastKnownFileType = sourcecode.swift; path = AccountStore.swift; sourceTree = "<group>"; };
		1D6A2819331DB63F45967849 /* FinalReelView.swift */ = {isa = PBXFileReference; lastKnownFileType = sourcecode.swift; path = FinalReelView.swift; sourceTree = "<group>"; };
		27C8EBBAA108E0B6BAD2FF7C /* CloudKitService.swift */ = {isa = PBXFileReference; lastKnownFileType = sourcecode.swift; path = CloudKitService.swift; sourceTree = "<group>"; };
		297FD49D423AAAAF52D8A093 /* SignInView.swift */ = {isa = PBXFileReference; lastKnownFileType = sourcecode.swift; path = SignInView.swift; sourceTree = "<group>"; };
		316FA8086369996C7A7C9639 /* RootShellView.swift */ = {isa = PBXFileReference; lastKnownFileType = sourcecode.swift; path = RootShellView.swift; sourceTree = "<group>"; };
		334D3FA26FA28D977BC50ECE /* VideoStitcherTests.swift */ = {isa = PBXFileReference; lastKnownFileType = sourcecode.swift; path = VideoStitcherTests.swift; sourceTree = "<group>"; };
		357B6A37FBB51AA264F15243 /* Identity+Color.swift */ = {isa = PBXFileReference; lastKnownFileType = sourcecode.swift; path = "Identity+Color.swift"; sourceTree = "<group>"; };
		35CFF8D9FFA9B5BBF4505FAB /* RoomSyncService.swift */ = {isa = PBXFileReference; lastKnownFileType = sourcecode.swift; path = RoomSyncService.swift; sourceTree = "<group>"; };
		3B166E63A2BA6F620F69321D /* ClipFileStore.swift */ = {isa = PBXFileReference; lastKnownFileType = sourcecode.swift; path = ClipFileStore.swift; sourceTree = "<group>"; };
		3B30BF702896AFF766E6DC46 /* Identity.swift */ = {isa = PBXFileReference; lastKnownFileType = sourcecode.swift; path = Identity.swift; sourceTree = "<group>"; };
		3F3F2013CDEC4CCAB8F88D82 /* day3.mp4 */ = {isa = PBXFileReference; path = day3.mp4; sourceTree = "<group>"; };
		3F553DA583104CE8F17B75EC /* MomentCatalog.swift */ = {isa = PBXFileReference; lastKnownFileType = sourcecode.swift; path = MomentCatalog.swift; sourceTree = "<group>"; };
		455F39D16DA91C86EB710E8E /* BuildTemplateView.swift */ = {isa = PBXFileReference; lastKnownFileType = sourcecode.swift; path = BuildTemplateView.swift; sourceTree = "<group>"; };
		5162510745E644A4CBC5388F /* ChallengeTemplate.swift */ = {isa = PBXFileReference; lastKnownFileType = sourcecode.swift; path = ChallengeTemplate.swift; sourceTree = "<group>"; };
		51C2B0CFDCC4CAF314DC9A3F /* day2.mp4 */ = {isa = PBXFileReference; path = day2.mp4; sourceTree = "<group>"; };
		5276B699CA06586366605748 /* AISetlog.app */ = {isa = PBXFileReference; includeInIndex = 0; lastKnownFileType = wrapper.application; path = AISetlog.app; sourceTree = BUILT_PRODUCTS_DIR; };
		53B60B7627FE0D5F9B726628 /* day1.mp4 */ = {isa = PBXFileReference; path = day1.mp4; sourceTree = "<group>"; };
		69E056AE2D8618A55D4731E1 /* ChallengeBoardView.swift */ = {isa = PBXFileReference; lastKnownFileType = sourcecode.swift; path = ChallengeBoardView.swift; sourceTree = "<group>"; };
		6E746E00C782FC429881A9E0 /* SettingsView.swift */ = {isa = PBXFileReference; lastKnownFileType = sourcecode.swift; path = SettingsView.swift; sourceTree = "<group>"; };
		71F4B8537CFE73ED795CBBE3 /* AISetlogTests.xctest */ = {isa = PBXFileReference; includeInIndex = 0; lastKnownFileType = wrapper.cfbundle; path = AISetlogTests.xctest; sourceTree = BUILT_PRODUCTS_DIR; };
		73575490179E30D459EFDBA2 /* ChallengeRepository.swift */ = {isa = PBXFileReference; lastKnownFileType = sourcecode.swift; path = ChallengeRepository.swift; sourceTree = "<group>"; };
		75E73E5C157A0714BD9B0544 /* ClipPreviewComponents.swift */ = {isa = PBXFileReference; lastKnownFileType = sourcecode.swift; path = ClipPreviewComponents.swift; sourceTree = "<group>"; };
		7C5B9A68FF1712B56A2D9A75 /* ProgressRing.swift */ = {isa = PBXFileReference; lastKnownFileType = sourcecode.swift; path = ProgressRing.swift; sourceTree = "<group>"; };
		7F0C91DDF53E65DB3F78D79E /* AISetlogApp.swift */ = {isa = PBXFileReference; lastKnownFileType = sourcecode.swift; path = AISetlogApp.swift; sourceTree = "<group>"; };
		8AC7524C5A9AAC7162DDDA87 /* ClipPlayback.swift */ = {isa = PBXFileReference; lastKnownFileType = sourcecode.swift; path = ClipPlayback.swift; sourceTree = "<group>"; };
		910499E8EA4BC20C9D19A805 /* ChallengeStateTests.swift */ = {isa = PBXFileReference; lastKnownFileType = sourcecode.swift; path = ChallengeStateTests.swift; sourceTree = "<group>"; };
		92B55A0585DEBADDE34CA337 /* BoardTheme.swift */ = {isa = PBXFileReference; lastKnownFileType = sourcecode.swift; path = BoardTheme.swift; sourceTree = "<group>"; };
		9A9F4DAB25F0BED115C92230 /* ClipRecorder.swift */ = {isa = PBXFileReference; lastKnownFileType = sourcecode.swift; path = ClipRecorder.swift; sourceTree = "<group>"; };
		9B50B39418A708023F95ACFF /* Theme.swift */ = {isa = PBXFileReference; lastKnownFileType = sourcecode.swift; path = Theme.swift; sourceTree = "<group>"; };
		9E5B8E1D0D51CCFB998478B4 /* Info.plist */ = {isa = PBXFileReference; lastKnownFileType = text.plist; path = Info.plist; sourceTree = "<group>"; };
		A4220C640EA65EB797B18A21 /* NewChallengeComponents.swift */ = {isa = PBXFileReference; lastKnownFileType = sourcecode.swift; path = NewChallengeComponents.swift; sourceTree = "<group>"; };
		B11E5006AF576CB6CAE663B6 /* AISetlog.entitlements */ = {isa = PBXFileReference; lastKnownFileType = text.plist.entitlements; path = AISetlog.entitlements; sourceTree = "<group>"; };
		B1A2AE0704E7AD406295107B /* DayCard.swift */ = {isa = PBXFileReference; lastKnownFileType = sourcecode.swift; path = DayCard.swift; sourceTree = "<group>"; };
		BDA1F65CA23519EB89DE7F32 /* HomeView.swift */ = {isa = PBXFileReference; lastKnownFileType = sourcecode.swift; path = HomeView.swift; sourceTree = "<group>"; };
		C6D938A715DC8FC39E096E34 /* day5.mp4 */ = {isa = PBXFileReference; path = day5.mp4; sourceTree = "<group>"; };
		C77CA7B14A9377DA4208ECED /* Challenge.swift */ = {isa = PBXFileReference; lastKnownFileType = sourcecode.swift; path = Challenge.swift; sourceTree = "<group>"; };
		C9E29668954C7B76AF34FCD5 /* MemberChip.swift */ = {isa = PBXFileReference; lastKnownFileType = sourcecode.swift; path = MemberChip.swift; sourceTree = "<group>"; };
		CAE40B9C575B80C591374DFE /* ChallengePresenter.swift */ = {isa = PBXFileReference; lastKnownFileType = sourcecode.swift; path = ChallengePresenter.swift; sourceTree = "<group>"; };
		CFCAD9798DDE79B3F928C42A /* DayCardView.swift */ = {isa = PBXFileReference; lastKnownFileType = sourcecode.swift; path = DayCardView.swift; sourceTree = "<group>"; };
		D496FA2FD678B671A1723CCE /* zh-Hans */ = {isa = PBXFileReference; lastKnownFileType = text.plist.strings; name = "zh-Hans"; path = "zh-Hans.lproj/InfoPlist.strings"; sourceTree = "<group>"; };
		D84B3F62C6B701FAA556F17C /* ChallengeStore.swift */ = {isa = PBXFileReference; lastKnownFileType = sourcecode.swift; path = ChallengeStore.swift; sourceTree = "<group>"; };
		DA520086AD531DD7B14C9812 /* ClipPreviewView.swift */ = {isa = PBXFileReference; lastKnownFileType = sourcecode.swift; path = ClipPreviewView.swift; sourceTree = "<group>"; };
		DDFA2FC17353B12549FB3213 /* VideoStitcher.swift */ = {isa = PBXFileReference; lastKnownFileType = sourcecode.swift; path = VideoStitcher.swift; sourceTree = "<group>"; };
		E43B7D1B8E687819213696BB /* NewChallengeView.swift */ = {isa = PBXFileReference; lastKnownFileType = sourcecode.swift; path = NewChallengeView.swift; sourceTree = "<group>"; };
		E5705E42B10C9FF7234A2E15 /* en */ = {isa = PBXFileReference; lastKnownFileType = text.plist.strings; name = en; path = en.lproj/InfoPlist.strings; sourceTree = "<group>"; };
		E78E5DAF6F0CBFD026FC6596 /* day7.mp4 */ = {isa = PBXFileReference; path = day7.mp4; sourceTree = "<group>"; };
		EA0E3B6710E2DA89EAD960CF /* DayClip.swift */ = {isa = PBXFileReference; lastKnownFileType = sourcecode.swift; path = DayClip.swift; sourceTree = "<group>"; };
		EC0436F8A0067CBBA1A8A6A2 /* day6.mp4 */ = {isa = PBXFileReference; path = day6.mp4; sourceTree = "<group>"; };
		ED0592BFDD349E6CE539D48A /* HomeComponents.swift */ = {isa = PBXFileReference; lastKnownFileType = sourcecode.swift; path = HomeComponents.swift; sourceTree = "<group>"; };
		EE75EB1358ED3CA2E38EE93E /* Localization.swift */ = {isa = PBXFileReference; lastKnownFileType = sourcecode.swift; path = Localization.swift; sourceTree = "<group>"; };
		EF6D32673A9943272D5463EC /* JoinInviteSheet.swift */ = {isa = PBXFileReference; lastKnownFileType = sourcecode.swift; path = JoinInviteSheet.swift; sourceTree = "<group>"; };
		F90C3C82460198330C866D6A /* day4.mp4 */ = {isa = PBXFileReference; path = day4.mp4; sourceTree = "<group>"; };
/* End PBXFileReference section */

/* Begin PBXGroup section */
		02E3190F490098C9998DADA2 /* Components */ = {
			isa = PBXGroup;
			children = (
				8AC7524C5A9AAC7162DDDA87 /* ClipPlayback.swift */,
				357B6A37FBB51AA264F15243 /* Identity+Color.swift */,
				C9E29668954C7B76AF34FCD5 /* MemberChip.swift */,
				7C5B9A68FF1712B56A2D9A75 /* ProgressRing.swift */,
			);
			path = Components;
			sourceTree = "<group>";
		};
		27276296D355D110F529BA5C /* Persistence */ = {
			isa = PBXGroup;
			children = (
				73575490179E30D459EFDBA2 /* ChallengeRepository.swift */,
				3B166E63A2BA6F620F69321D /* ClipFileStore.swift */,
			);
			path = Persistence;
			sourceTree = "<group>";
		};
		306DDE87B1D242AC400659F9 /* Models */ = {
			isa = PBXGroup;
			children = (
				C77CA7B14A9377DA4208ECED /* Challenge.swift */,
				5162510745E644A4CBC5388F /* ChallengeTemplate.swift */,
				01BA18EF86A7555B31D64B1B /* ClipInteraction.swift */,
				B1A2AE0704E7AD406295107B /* DayCard.swift */,
				EA0E3B6710E2DA89EAD960CF /* DayClip.swift */,
				3B30BF702896AFF766E6DC46 /* Identity.swift */,
				3F553DA583104CE8F17B75EC /* MomentCatalog.swift */,
			);
			path = Models;
			sourceTree = "<group>";
		};
		3B62E35ED1FD50159E5B0534 /* Cloud */ = {
			isa = PBXGroup;
			children = (
				27C8EBBAA108E0B6BAD2FF7C /* CloudKitService.swift */,
				35CFF8D9FFA9B5BBF4505FAB /* RoomSyncService.swift */,
			);
			path = Cloud;
			sourceTree = "<group>";
		};
		45849943267E0B2C9DC38D4E /* AISetlog */ = {
			isa = PBXGroup;
			children = (
				B11E5006AF576CB6CAE663B6 /* AISetlog.entitlements */,
				03F8F9F092CD5354A1197CCB /* Assets.xcassets */,
				9E5B8E1D0D51CCFB998478B4 /* Info.plist */,
				677CE1B22C74553D444413D7 /* App */,
				C8D1086383EEF6A0070567C4 /* InfoPlist.strings */,
				306DDE87B1D242AC400659F9 /* Models */,
				E8F4E1CD393386773F5C6E3E /* Presentation */,
				6B53F23E6339C2A7A53C1C01 /* Resources */,
				FAA687E5722F0C0796BFAB2F /* Services */,
				C2B8697C190E6CF21EBE708C /* Views */,
			);
			path = AISetlog;
			sourceTree = "<group>";
		};
		677CE1B22C74553D444413D7 /* App */ = {
			isa = PBXGroup;
			children = (
				7F0C91DDF53E65DB3F78D79E /* AISetlogApp.swift */,
			);
			path = App;
			sourceTree = "<group>";
		};
		6B53F23E6339C2A7A53C1C01 /* Resources */ = {
			isa = PBXGroup;
			children = (
				53B60B7627FE0D5F9B726628 /* day1.mp4 */,
				51C2B0CFDCC4CAF314DC9A3F /* day2.mp4 */,
				3F3F2013CDEC4CCAB8F88D82 /* day3.mp4 */,
				F90C3C82460198330C866D6A /* day4.mp4 */,
				C6D938A715DC8FC39E096E34 /* day5.mp4 */,
				EC0436F8A0067CBBA1A8A6A2 /* day6.mp4 */,
				E78E5DAF6F0CBFD026FC6596 /* day7.mp4 */,
				9B50B39418A708023F95ACFF /* Theme.swift */,
				C720608B616AB86D7358AA60 /* Localization */,
			);
			path = Resources;
			sourceTree = "<group>";
		};
		6C35C6A629A1CF06A3EE5D4D /* Products */ = {
			isa = PBXGroup;
			children = (
				5276B699CA06586366605748 /* AISetlog.app */,
				71F4B8537CFE73ED795CBBE3 /* AISetlogTests.xctest */,
			);
			name = Products;
			sourceTree = "<group>";
		};
		7C7811DFCD7A5F79A5A3D4AF /* Reel */ = {
			isa = PBXGroup;
			children = (
				1D6A2819331DB63F45967849 /* FinalReelView.swift */,
			);
			path = Reel;
			sourceTree = "<group>";
		};
		832C888E7AC484BD41ACF325 /* Settings */ = {
			isa = PBXGroup;
			children = (
				6E746E00C782FC429881A9E0 /* SettingsView.swift */,
				297FD49D423AAAAF52D8A093 /* SignInView.swift */,
			);
			path = Settings;
			sourceTree = "<group>";
		};
		89A82E8997F8225F48FA8342 /* Record */ = {
			isa = PBXGroup;
			children = (
				0E0FDF28043B736116C77C99 /* CameraComponents.swift */,
				75E73E5C157A0714BD9B0544 /* ClipPreviewComponents.swift */,
				DA520086AD531DD7B14C9812 /* ClipPreviewView.swift */,
				08062D437D1CBE853146D03F /* RecordClipView.swift */,
			);
			path = Record;
			sourceTree = "<group>";
		};
		92B50AF78FB38492FA1F9291 = {
			isa = PBXGroup;
			children = (
				45849943267E0B2C9DC38D4E /* AISetlog */,
				DB7D40B1B5F3E73168A04D44 /* AISetlogTests */,
				6C35C6A629A1CF06A3EE5D4D /* Products */,
			);
			sourceTree = "<group>";
		};
		BE67D6C9A07C07261295C49C /* Media */ = {
			isa = PBXGroup;
			children = (
				9A9F4DAB25F0BED115C92230 /* ClipRecorder.swift */,
				DDFA2FC17353B12549FB3213 /* VideoStitcher.swift */,
			);
			path = Media;
			sourceTree = "<group>";
		};
		C2B8697C190E6CF21EBE708C /* Views */ = {
			isa = PBXGroup;
			children = (
				316FA8086369996C7A7C9639 /* RootShellView.swift */,
				D22351996CE093F077BEC168 /* Board */,
				02E3190F490098C9998DADA2 /* Components */,
				CF4A68EF23314F7D9CC4E98F /* Home */,
				89A82E8997F8225F48FA8342 /* Record */,
				7C7811DFCD7A5F79A5A3D4AF /* Reel */,
				832C888E7AC484BD41ACF325 /* Settings */,
			);
			path = Views;
			sourceTree = "<group>";
		};
		C720608B616AB86D7358AA60 /* Localization */ = {
			isa = PBXGroup;
			children = (
				EE75EB1358ED3CA2E38EE93E /* Localization.swift */,
			);
			path = Localization;
			sourceTree = "<group>";
		};
		CF4A68EF23314F7D9CC4E98F /* Home */ = {
			isa = PBXGroup;
			children = (
				455F39D16DA91C86EB710E8E /* BuildTemplateView.swift */,
				0097B739046AF160529FCB55 /* HomeCards.swift */,
				ED0592BFDD349E6CE539D48A /* HomeComponents.swift */,
				104829B6EE2E733A47B8BE68 /* HomeSections.swift */,
				BDA1F65CA23519EB89DE7F32 /* HomeView.swift */,
				EF6D32673A9943272D5463EC /* JoinInviteSheet.swift */,
				A4220C640EA65EB797B18A21 /* NewChallengeComponents.swift */,
				E43B7D1B8E687819213696BB /* NewChallengeView.swift */,
			);
			path = Home;
			sourceTree = "<group>";
		};
		D22351996CE093F077BEC168 /* Board */ = {
			isa = PBXGroup;
			children = (
				92B55A0585DEBADDE34CA337 /* BoardTheme.swift */,
				69E056AE2D8618A55D4731E1 /* ChallengeBoardView.swift */,
				CFCAD9798DDE79B3F928C42A /* DayCardView.swift */,
			);
			path = Board;
			sourceTree = "<group>";
		};
		DB7D40B1B5F3E73168A04D44 /* AISetlogTests */ = {
			isa = PBXGroup;
			children = (
				910499E8EA4BC20C9D19A805 /* ChallengeStateTests.swift */,
				1203805BE113F00D0764E06C /* LocalizationTests.swift */,
				334D3FA26FA28D977BC50ECE /* VideoStitcherTests.swift */,
			);
			path = AISetlogTests;
			sourceTree = "<group>";
		};
		E8F4E1CD393386773F5C6E3E /* Presentation */ = {
			isa = PBXGroup;
			children = (
				CAE40B9C575B80C591374DFE /* ChallengePresenter.swift */,
			);
			path = Presentation;
			sourceTree = "<group>";
		};
		FAA687E5722F0C0796BFAB2F /* Services */ = {
			isa = PBXGroup;
			children = (
				1C3C2A2B0AE72D844F68EB50 /* AccountStore.swift */,
				D84B3F62C6B701FAA556F17C /* ChallengeStore.swift */,
				3B62E35ED1FD50159E5B0534 /* Cloud */,
				BE67D6C9A07C07261295C49C /* Media */,
				27276296D355D110F529BA5C /* Persistence */,
			);
			path = Services;
			sourceTree = "<group>";
		};
/* End PBXGroup section */

/* Begin PBXNativeTarget section */
		8D75B5404776D2624BE354D4 /* AISetlog */ = {
			isa = PBXNativeTarget;
			buildConfigurationList = 19049378F15985EC9FFF3272 /* Build configuration list for PBXNativeTarget "AISetlog" */;
			buildPhases = (
				7C918C07784EF8DD4A9B8A22 /* Sources */,
				103DBB57F14A9AB0982ED39C /* Resources */,
			);
			buildRules = (
			);
			dependencies = (
			);
			name = AISetlog;
			packageProductDependencies = (
			);
			productName = AISetlog;
			productReference = 5276B699CA06586366605748 /* AISetlog.app */;
			productType = "com.apple.product-type.application";
		};
		EAEC33BFA6E313DAC36A7B0E /* AISetlogTests */ = {
			isa = PBXNativeTarget;
			buildConfigurationList = 30D9E53C5C4D252419F1C02F /* Build configuration list for PBXNativeTarget "AISetlogTests" */;
			buildPhases = (
				BABB7CC33E1C15335C5EB30A /* Sources */,
			);
			buildRules = (
			);
			dependencies = (
				764FF650AC57DA93D8191C81 /* PBXTargetDependency */,
			);
			name = AISetlogTests;
			packageProductDependencies = (
			);
			productName = AISetlogTests;
			productReference = 71F4B8537CFE73ED795CBBE3 /* AISetlogTests.xctest */;
			productType = "com.apple.product-type.bundle.unit-test";
		};
/* End PBXNativeTarget section */

/* Begin PBXProject section */
		B714AC763B8DC6B6CDF9CEF4 /* Project object */ = {
			isa = PBXProject;
			attributes = {
				BuildIndependentTargetsInParallel = YES;
				LastUpgradeCheck = 1430;
				TargetAttributes = {
					8D75B5404776D2624BE354D4 = {
						DevelopmentTeam = M7BPQ88622;
						ProvisioningStyle = Automatic;
					};
				};
			};
			buildConfigurationList = 890525F6D7F51FC08F80B800 /* Build configuration list for PBXProject "AISetlog" */;
			developmentRegion = en;
			hasScannedForEncodings = 0;
			knownRegions = (
				Base,
				en,
				"zh-Hans",
			);
			mainGroup = 92B50AF78FB38492FA1F9291;
			minimizedProjectReferenceProxies = 1;
			preferredProjectObjectVersion = 77;
			productRefGroup = 6C35C6A629A1CF06A3EE5D4D /* Products */;
			projectDirPath = "";
			projectRoot = "";
			targets = (
				8D75B5404776D2624BE354D4 /* AISetlog */,
				EAEC33BFA6E313DAC36A7B0E /* AISetlogTests */,
			);
		};
/* End PBXProject section */

/* Begin PBXResourcesBuildPhase section */
		103DBB57F14A9AB0982ED39C /* Resources */ = {
			isa = PBXResourcesBuildPhase;
			buildActionMask = 2147483647;
			files = (
				C6B267B599F7D352342E5315 /* Assets.xcassets in Resources */,
				2A2DD3C2BA7A8D6CEFD71489 /* InfoPlist.strings in Resources */,
				6200BC8E1A76CEA8814D44AF /* day1.mp4 in Resources */,
				8E2482480EEFA919414E9CD1 /* day2.mp4 in Resources */,
				93343E5A09C862286ECA9F98 /* day3.mp4 in Resources */,
				D4DC4A08FD1EDCECAD0A2A55 /* day4.mp4 in Resources */,
				42377E3ABDBC49EB785303E5 /* day5.mp4 in Resources */,
				87DD4795CEA90D57CDB9ED92 /* day6.mp4 in Resources */,
				9DBC9FAD8C3479BF24BC2D8F /* day7.mp4 in Resources */,
			);
			runOnlyForDeploymentPostprocessing = 0;
		};
/* End PBXResourcesBuildPhase section */

/* Begin PBXSourcesBuildPhase section */
		7C918C07784EF8DD4A9B8A22 /* Sources */ = {
			isa = PBXSourcesBuildPhase;
			buildActionMask = 2147483647;
			files = (
				586AF2600531B99839F3ECEF /* AISetlogApp.swift in Sources */,
				67D8CB52089F388B44C725C3 /* AccountStore.swift in Sources */,
				5B6DE91ABBC34EFBBD138A5F /* BoardTheme.swift in Sources */,
				2FF3618880D31EBE758A582E /* BuildTemplateView.swift in Sources */,
				2AD9583C53C6A55CD773CC0C /* CameraComponents.swift in Sources */,
				7E8BEF849C579E4C2BA064A7 /* Challenge.swift in Sources */,
				0BCA9426FC225C3B529479F1 /* ChallengeBoardView.swift in Sources */,
				87B43DAA272CACEFA7291E28 /* ChallengePresenter.swift in Sources */,
				ABA3F184ED9F5F221FC69467 /* ChallengeRepository.swift in Sources */,
				72BB38409A834950DC0B8376 /* ChallengeStore.swift in Sources */,
				E538DFC3DB8E4704C64ED6FF /* ChallengeTemplate.swift in Sources */,
				22DF98AB87695CF709B9BFDA /* ClipFileStore.swift in Sources */,
				6FA312785659F9EF7190F15E /* ClipInteraction.swift in Sources */,
				54BC59A4D84A8547653AC09A /* ClipPlayback.swift in Sources */,
				1B32938AD2D687D0ADCA77B3 /* ClipPreviewComponents.swift in Sources */,
				B1D076EB4830B7B50BEC6B47 /* ClipPreviewView.swift in Sources */,
				E4856DCD8401EA9875206061 /* ClipRecorder.swift in Sources */,
				B4B8040731E08FEF6E7CE47C /* CloudKitService.swift in Sources */,
				D3CB195CDE74A66B36954C10 /* DayCard.swift in Sources */,
				3B49FADD86FE41EAA8AB55FF /* DayCardView.swift in Sources */,
				1F37BFE90A0883A53F0CF4BE /* DayClip.swift in Sources */,
				73568613DFD35A04E218A647 /* FinalReelView.swift in Sources */,
				CDD9BDBE43ED533CDDC8B918 /* HomeCards.swift in Sources */,
				758908C136A85AD09167568B /* HomeComponents.swift in Sources */,
				9E5E1772F63AD479BD37068F /* HomeSections.swift in Sources */,
				554B8091DA77140C881769E6 /* HomeView.swift in Sources */,
				B433A345D45D85E1B641928E /* Identity+Color.swift in Sources */,
				E890890209424E337E127B55 /* Identity.swift in Sources */,
				70A01067E178AD7F0A0A3004 /* JoinInviteSheet.swift in Sources */,
				8D1A5A68DF6BA0461E980BF1 /* Localization.swift in Sources */,
				B2226293963B94F0DE5E30BD /* MemberChip.swift in Sources */,
				D0049DC717160AD6A533D366 /* MomentCatalog.swift in Sources */,
				DCAB52ECA6FD55139B02F699 /* NewChallengeComponents.swift in Sources */,
				E6EC39065A0E9B1513CC7D40 /* NewChallengeView.swift in Sources */,
				DDA69B1DB0F5875459629744 /* ProgressRing.swift in Sources */,
				7E9B4219C8D6196273ECE291 /* RecordClipView.swift in Sources */,
				1CF9553D522526F39E799665 /* RoomSyncService.swift in Sources */,
				3AACADA55B944C1F045B2B09 /* RootShellView.swift in Sources */,
				69C7707A02F0831EE4945794 /* SettingsView.swift in Sources */,
				F5FB6686461ADD69FEE12B09 /* SignInView.swift in Sources */,
				359934DE9703C561BD773EEA /* Theme.swift in Sources */,
				563F86A16EC88D4D55B8CB04 /* VideoStitcher.swift in Sources */,
			);
			runOnlyForDeploymentPostprocessing = 0;
		};
		BABB7CC33E1C15335C5EB30A /* Sources */ = {
			isa = PBXSourcesBuildPhase;
			buildActionMask = 2147483647;
			files = (
				01ED0D8617160F0FE7C242AE /* ChallengeStateTests.swift in Sources */,
				1D93DD01DB9ACDB322995D4E /* LocalizationTests.swift in Sources */,
				938D7AD5D9086826F0097F4A /* VideoStitcherTests.swift in Sources */,
			);
			runOnlyForDeploymentPostprocessing = 0;
		};
/* End PBXSourcesBuildPhase section */

/* Begin PBXTargetDependency section */
		764FF650AC57DA93D8191C81 /* PBXTargetDependency */ = {
			isa = PBXTargetDependency;
			target = 8D75B5404776D2624BE354D4 /* AISetlog */;
			targetProxy = 7FE31AB379EF8FBD45017AFF /* PBXContainerItemProxy */;
		};
/* End PBXTargetDependency section */

/* Begin PBXVariantGroup section */
		C8D1086383EEF6A0070567C4 /* InfoPlist.strings */ = {
			isa = PBXVariantGroup;
			children = (
				E5705E42B10C9FF7234A2E15 /* en */,
				D496FA2FD678B671A1723CCE /* zh-Hans */,
			);
			name = InfoPlist.strings;
			sourceTree = "<group>";
		};
/* End PBXVariantGroup section */

/* Begin XCBuildConfiguration section */
		66597BADACE264BB790A1ED2 /* Debug */ = {
			isa = XCBuildConfiguration;
			buildSettings = {
				ASSETCATALOG_COMPILER_APPICON_NAME = AppIcon;
				CODE_SIGN_ENTITLEMENTS = AISetlog/AISetlog.entitlements;
				CODE_SIGN_IDENTITY = "iPhone Developer";
				CODE_SIGN_STYLE = Automatic;
				DEVELOPMENT_TEAM = M7BPQ88622;
				INFOPLIST_FILE = AISetlog/Info.plist;
				LD_RUNPATH_SEARCH_PATHS = (
					"$(inherited)",
					"@executable_path/Frameworks",
				);
				PRODUCT_BUNDLE_IDENTIFIER = com.cassie.AISetlog;
				SDKROOT = iphoneos;
				SYSTEM_CAPABILITIES = "[\"com.apple.SignInWithApple\": 1, \"com.apple.CloudKit\": 1, \"com.apple.Push\": 1]";
				TARGETED_DEVICE_FAMILY = "1,2";
			};
			name = Debug;
		};
		AEAD11D0A724A1D5A143E391 /* Release */ = {
			isa = XCBuildConfiguration;
			buildSettings = {
				ALWAYS_SEARCH_USER_PATHS = NO;
				CLANG_ANALYZER_NONNULL = YES;
				CLANG_ANALYZER_NUMBER_OBJECT_CONVERSION = YES_AGGRESSIVE;
				CLANG_CXX_LANGUAGE_STANDARD = "gnu++14";
				CLANG_CXX_LIBRARY = "libc++";
				CLANG_ENABLE_MODULES = YES;
				CLANG_ENABLE_OBJC_ARC = YES;
				CLANG_ENABLE_OBJC_WEAK = YES;
				CLANG_WARN_BLOCK_CAPTURE_AUTORELEASING = YES;
				CLANG_WARN_BOOL_CONVERSION = YES;
				CLANG_WARN_COMMA = YES;
				CLANG_WARN_CONSTANT_CONVERSION = YES;
				CLANG_WARN_DEPRECATED_OBJC_IMPLEMENTATIONS = YES;
				CLANG_WARN_DIRECT_OBJC_ISA_USAGE = YES_ERROR;
				CLANG_WARN_DOCUMENTATION_COMMENTS = YES;
				CLANG_WARN_EMPTY_BODY = YES;
				CLANG_WARN_ENUM_CONVERSION = YES;
				CLANG_WARN_INFINITE_RECURSION = YES;
				CLANG_WARN_INT_CONVERSION = YES;
				CLANG_WARN_NON_LITERAL_NULL_CONVERSION = YES;
				CLANG_WARN_OBJC_IMPLICIT_RETAIN_SELF = YES;
				CLANG_WARN_OBJC_LITERAL_CONVERSION = YES;
				CLANG_WARN_OBJC_ROOT_CLASS = YES_ERROR;
				CLANG_WARN_QUOTED_INCLUDE_IN_FRAMEWORK_HEADER = YES;
				CLANG_WARN_RANGE_LOOP_ANALYSIS = YES;
				CLANG_WARN_STRICT_PROTOTYPES = YES;
				CLANG_WARN_SUSPICIOUS_MOVE = YES;
				CLANG_WARN_UNGUARDED_AVAILABILITY = YES_AGGRESSIVE;
				CLANG_WARN_UNREACHABLE_CODE = YES;
				CLANG_WARN__DUPLICATE_METHOD_MATCH = YES;
				COPY_PHASE_STRIP = NO;
				DEBUG_INFORMATION_FORMAT = "dwarf-with-dsym";
				ENABLE_NS_ASSERTIONS = NO;
				ENABLE_STRICT_OBJC_MSGSEND = YES;
				GCC_C_LANGUAGE_STANDARD = gnu11;
				GCC_NO_COMMON_BLOCKS = YES;
				GCC_WARN_64_TO_32_BIT_CONVERSION = YES;
				GCC_WARN_ABOUT_RETURN_TYPE = YES_ERROR;
				GCC_WARN_UNDECLARED_SELECTOR = YES;
				GCC_WARN_UNINITIALIZED_AUTOS = YES_AGGRESSIVE;
				GCC_WARN_UNUSED_FUNCTION = YES;
				GCC_WARN_UNUSED_VARIABLE = YES;
				IPHONEOS_DEPLOYMENT_TARGET = 17.0;
				MTL_ENABLE_DEBUG_INFO = NO;
				MTL_FAST_MATH = YES;
				PRODUCT_NAME = "$(TARGET_NAME)";
				SDKROOT = iphoneos;
				SWIFT_COMPILATION_MODE = wholemodule;
				SWIFT_OPTIMIZATION_LEVEL = "-O";
				SWIFT_VERSION = 5.9;
				TARGETED_DEVICE_FAMILY = 1;
			};
			name = Release;
		};
		B4093B2F8D7D14AFAB0F4029 /* Debug */ = {
			isa = XCBuildConfiguration;
			buildSettings = {
				ALWAYS_SEARCH_USER_PATHS = NO;
				CLANG_ANALYZER_NONNULL = YES;
				CLANG_ANALYZER_NUMBER_OBJECT_CONVERSION = YES_AGGRESSIVE;
				CLANG_CXX_LANGUAGE_STANDARD = "gnu++14";
				CLANG_CXX_LIBRARY = "libc++";
				CLANG_ENABLE_MODULES = YES;
				CLANG_ENABLE_OBJC_ARC = YES;
				CLANG_ENABLE_OBJC_WEAK = YES;
				CLANG_WARN_BLOCK_CAPTURE_AUTORELEASING = YES;
				CLANG_WARN_BOOL_CONVERSION = YES;
				CLANG_WARN_COMMA = YES;
				CLANG_WARN_CONSTANT_CONVERSION = YES;
				CLANG_WARN_DEPRECATED_OBJC_IMPLEMENTATIONS = YES;
				CLANG_WARN_DIRECT_OBJC_ISA_USAGE = YES_ERROR;
				CLANG_WARN_DOCUMENTATION_COMMENTS = YES;
				CLANG_WARN_EMPTY_BODY = YES;
				CLANG_WARN_ENUM_CONVERSION = YES;
				CLANG_WARN_INFINITE_RECURSION = YES;
				CLANG_WARN_INT_CONVERSION = YES;
				CLANG_WARN_NON_LITERAL_NULL_CONVERSION = YES;
				CLANG_WARN_OBJC_IMPLICIT_RETAIN_SELF = YES;
				CLANG_WARN_OBJC_LITERAL_CONVERSION = YES;
				CLANG_WARN_OBJC_ROOT_CLASS = YES_ERROR;
				CLANG_WARN_QUOTED_INCLUDE_IN_FRAMEWORK_HEADER = YES;
				CLANG_WARN_RANGE_LOOP_ANALYSIS = YES;
				CLANG_WARN_STRICT_PROTOTYPES = YES;
				CLANG_WARN_SUSPICIOUS_MOVE = YES;
				CLANG_WARN_UNGUARDED_AVAILABILITY = YES_AGGRESSIVE;
				CLANG_WARN_UNREACHABLE_CODE = YES;
				CLANG_WARN__DUPLICATE_METHOD_MATCH = YES;
				COPY_PHASE_STRIP = NO;
				DEBUG_INFORMATION_FORMAT = dwarf;
				ENABLE_STRICT_OBJC_MSGSEND = YES;
				ENABLE_TESTABILITY = YES;
				GCC_C_LANGUAGE_STANDARD = gnu11;
				GCC_DYNAMIC_NO_PIC = NO;
				GCC_NO_COMMON_BLOCKS = YES;
				GCC_OPTIMIZATION_LEVEL = 0;
				GCC_PREPROCESSOR_DEFINITIONS = (
					"$(inherited)",
					"DEBUG=1",
				);
				GCC_WARN_64_TO_32_BIT_CONVERSION = YES;
				GCC_WARN_ABOUT_RETURN_TYPE = YES_ERROR;
				GCC_WARN_UNDECLARED_SELECTOR = YES;
				GCC_WARN_UNINITIALIZED_AUTOS = YES_AGGRESSIVE;
				GCC_WARN_UNUSED_FUNCTION = YES;
				GCC_WARN_UNUSED_VARIABLE = YES;
				IPHONEOS_DEPLOYMENT_TARGET = 17.0;
				MTL_ENABLE_DEBUG_INFO = INCLUDE_SOURCE;
				MTL_FAST_MATH = YES;
				ONLY_ACTIVE_ARCH = YES;
				PRODUCT_NAME = "$(TARGET_NAME)";
				SDKROOT = iphoneos;
				SWIFT_ACTIVE_COMPILATION_CONDITIONS = DEBUG;
				SWIFT_OPTIMIZATION_LEVEL = "-Onone";
				SWIFT_VERSION = 5.9;
				TARGETED_DEVICE_FAMILY = 1;
			};
			name = Debug;
		};
		DF7E6BC1F6E19E6DF7DB5C70 /* Debug */ = {
			isa = XCBuildConfiguration;
			buildSettings = {
				BUNDLE_LOADER = "$(TEST_HOST)";
				GENERATE_INFOPLIST_FILE = YES;
				LD_RUNPATH_SEARCH_PATHS = (
					"$(inherited)",
					"@executable_path/Frameworks",
					"@loader_path/Frameworks",
				);
				PRODUCT_BUNDLE_IDENTIFIER = com.cassie.AISetlogTests;
				SDKROOT = iphoneos;
				TARGETED_DEVICE_FAMILY = "1,2";
				TEST_HOST = "$(BUILT_PRODUCTS_DIR)/AISetlog.app/AISetlog";
			};
			name = Debug;
		};
		E814810E8526B4650874FAF9 /* Release */ = {
			isa = XCBuildConfiguration;
			buildSettings = {
				ASSETCATALOG_COMPILER_APPICON_NAME = AppIcon;
				CODE_SIGN_ENTITLEMENTS = AISetlog/AISetlog.entitlements;
				CODE_SIGN_IDENTITY = "iPhone Developer";
				CODE_SIGN_STYLE = Automatic;
				DEVELOPMENT_TEAM = M7BPQ88622;
				INFOPLIST_FILE = AISetlog/Info.plist;
				LD_RUNPATH_SEARCH_PATHS = (
					"$(inherited)",
					"@executable_path/Frameworks",
				);
				PRODUCT_BUNDLE_IDENTIFIER = com.cassie.AISetlog;
				SDKROOT = iphoneos;
				SYSTEM_CAPABILITIES = "[\"com.apple.SignInWithApple\": 1, \"com.apple.CloudKit\": 1, \"com.apple.Push\": 1]";
				TARGETED_DEVICE_FAMILY = "1,2";
			};
			name = Release;
		};
		F6B7C963F7DAC83031564D62 /* Release */ = {
			isa = XCBuildConfiguration;
			buildSettings = {
				BUNDLE_LOADER = "$(TEST_HOST)";
				GENERATE_INFOPLIST_FILE = YES;
				LD_RUNPATH_SEARCH_PATHS = (
					"$(inherited)",
					"@executable_path/Frameworks",
					"@loader_path/Frameworks",
				);
				PRODUCT_BUNDLE_IDENTIFIER = com.cassie.AISetlogTests;
				SDKROOT = iphoneos;
				TARGETED_DEVICE_FAMILY = "1,2";
				TEST_HOST = "$(BUILT_PRODUCTS_DIR)/AISetlog.app/AISetlog";
			};
			name = Release;
		};
/* End XCBuildConfiguration section */

/* Begin XCConfigurationList section */
		19049378F15985EC9FFF3272 /* Build configuration list for PBXNativeTarget "AISetlog" */ = {
			isa = XCConfigurationList;
			buildConfigurations = (
				66597BADACE264BB790A1ED2 /* Debug */,
				E814810E8526B4650874FAF9 /* Release */,
			);
			defaultConfigurationIsVisible = 0;
			defaultConfigurationName = Debug;
		};
		30D9E53C5C4D252419F1C02F /* Build configuration list for PBXNativeTarget "AISetlogTests" */ = {
			isa = XCConfigurationList;
			buildConfigurations = (
				DF7E6BC1F6E19E6DF7DB5C70 /* Debug */,
				F6B7C963F7DAC83031564D62 /* Release */,
			);
			defaultConfigurationIsVisible = 0;
			defaultConfigurationName = Debug;
		};
		890525F6D7F51FC08F80B800 /* Build configuration list for PBXProject "AISetlog" */ = {
			isa = XCConfigurationList;
			buildConfigurations = (
				B4093B2F8D7D14AFAB0F4029 /* Debug */,
				AEAD11D0A724A1D5A143E391 /* Release */,
			);
			defaultConfigurationIsVisible = 0;
			defaultConfigurationName = Debug;
		};
/* End XCConfigurationList section */
	};
	rootObject = B714AC763B8DC6B6CDF9CEF4 /* Project object */;
}
