// !$*UTF8*$!
{
	archiveVersion = 1;
	classes = {
	};
	objectVersion = 77;
	objects = {

/* Begin PBXBuildFile section */
		01ED0D8617160F0FE7C242AE /* ChallengeStateTests.swift in Sources */ = {isa = PBXBuildFile; fileRef = 910499E8EA4BC20C9D19A805 /* ChallengeStateTests.swift */; };
		0A5FC5734BDBBDA9654D3588 /* GeneratingFilm.swift in Sources */ = {isa = PBXBuildFile; fileRef = 8B8D0FC9221F71488651F7EB /* GeneratingFilm.swift */; };
		1B32938AD2D687D0ADCA77B3 /* ClipPreviewComponents.swift in Sources */ = {isa = PBXBuildFile; fileRef = 75E73E5C157A0714BD9B0544 /* ClipPreviewComponents.swift */; };
		1CF9553D522526F39E799665 /* RoomSyncService.swift in Sources */ = {isa = PBXBuildFile; fileRef = 35CFF8D9FFA9B5BBF4505FAB /* RoomSyncService.swift */; };
		1D594261F817EA77C9010C27 /* FinalFilmTimeline.swift in Sources */ = {isa = PBXBuildFile; fileRef = 1A56B0E8E0A51EAA2B9D024D /* FinalFilmTimeline.swift */; };
		1D93DD01DB9ACDB322995D4E /* LocalizationTests.swift in Sources */ = {isa = PBXBuildFile; fileRef = 1203805BE113F00D0764E06C /* LocalizationTests.swift */; };
		1F37BFE90A0883A53F0CF4BE /* DayClip.swift in Sources */ = {isa = PBXBuildFile; fileRef = EA0E3B6710E2DA89EAD960CF /* DayClip.swift */; };
		22DF98AB87695CF709B9BFDA /* ClipFileStore.swift in Sources */ = {isa = PBXBuildFile; fileRef = 3B166E63A2BA6F620F69321D /* ClipFileStore.swift */; };
		2A2DD3C2BA7A8D6CEFD71489 /* InfoPlist.strings in Resources */ = {isa = PBXBuildFile; fileRef = C8D1086383EEF6A0070567C4 /* InfoPlist.strings */; };
		2AD9583C53C6A55CD773CC0C /* CameraComponents.swift in Sources */ = {isa = PBXBuildFile; fileRef = 0E0FDF28043B736116C77C99 /* CameraComponents.swift */; };
		2B9ABAA10DB55D595B5C0067 /* OneDaySurfaces.swift in Sources */ = {isa = PBXBuildFile; fileRef = FA61F6678AC2E613A827F771 /* OneDaySurfaces.swift */; };
		2FF3618880D31EBE758A582E /* BuildTemplateView.swift in Sources */ = {isa = PBXBuildFile; fileRef = 455F39D16DA91C86EB710E8E /* BuildTemplateView.swift */; };
		319C3B6B634790E42F500D9A /* TimelineClip.swift in Sources */ = {isa = PBXBuildFile; fileRef = 4D0C19B0B318517F2E4CC086 /* TimelineClip.swift */; };
		359934DE9703C561BD773EEA /* Theme.swift in Sources */ = {isa = PBXBuildFile; fileRef = 9B50B39418A708023F95ACFF /* Theme.swift */; };
		3AACADA55B944C1F045B2B09 /* RootShellView.swift in Sources */ = {isa = PBXBuildFile; fileRef = 316FA8086369996C7A7C9639 /* RootShellView.swift */; };
		3FC822A27E374AA692D73A4D /* StoryTimelineView.swift in Sources */ = {isa = PBXBuildFile; fileRef = 5FA535170ECF2F2F587FAD0F /* StoryTimelineView.swift */; };
		4BF03CC71350B5D34B616932 /* ReminderService.swift in Sources */ = {isa = PBXBuildFile; fileRef = E2BE138CBEA47AFE2B8D7B81 /* ReminderService.swift */; };
		54BC59A4D84A8547653AC09A /* ClipPlayback.swift in Sources */ = {isa = PBXBuildFile; fileRef = 8AC7524C5A9AAC7162DDDA87 /* ClipPlayback.swift */; };
		563F86A16EC88D4D55B8CB04 /* VideoStitcher.swift in Sources */ = {isa = PBXBuildFile; fileRef = DDFA2FC17353B12549FB3213 /* VideoStitcher.swift */; };
		575E54F104D80A114762C420 /* GuidedMomentsView.swift in Sources */ = {isa = PBXBuildFile; fileRef = 218AC0301CBC98849CD9C335 /* GuidedMomentsView.swift */; };
		586AF2600531B99839F3ECEF /* AISetlogApp.swift in Sources */ = {isa = PBXBuildFile; fileRef = 7F0C91DDF53E65DB3F78D79E /* AISetlogApp.swift */; };
		5AA2B95A97D5608F8A3FB0D2 /* StoryGridView.swift in Sources */ = {isa = PBXBuildFile; fileRef = F898A00CB2C9F6BE1DD94A02 /* StoryGridView.swift */; };
		5AA84EC4E4FEE570F9E5E78B /* PrivacyInfo.xcprivacy in Resources */ = {isa = PBXBuildFile; fileRef = 9E76B99FB8F5151A6D163C3B /* PrivacyInfo.xcprivacy */; };
		5B6DE91ABBC34EFBBD138A5F /* BoardTheme.swift in Sources */ = {isa = PBXBuildFile; fileRef = 92B55A0585DEBADDE34CA337 /* BoardTheme.swift */; };
		5C5F0F46766760C4238CA71B /* VlogPlayer.swift in Sources */ = {isa = PBXBuildFile; fileRef = CFE37A31301F718C534F268A /* VlogPlayer.swift */; };
		63DB6F142539AA1B767B9953 /* SharedActivityNotificationService.swift in Sources */ = {isa = PBXBuildFile; fileRef = 72ADE1A2FBF5E0B812B8C66B /* SharedActivityNotificationService.swift */; };
		67D8CB52089F388B44C725C3 /* AccountStore.swift in Sources */ = {isa = PBXBuildFile; fileRef = 1C3C2A2B0AE72D844F68EB50 /* AccountStore.swift */; };
		69C7707A02F0831EE4945794 /* SettingsView.swift in Sources */ = {isa = PBXBuildFile; fileRef = 6E746E00C782FC429881A9E0 /* SettingsView.swift */; };
		6FA312785659F9EF7190F15E /* ClipInteraction.swift in Sources */ = {isa = PBXBuildFile; fileRef = 01BA18EF86A7555B31D64B1B /* ClipInteraction.swift */; };
		70A01067E178AD7F0A0A3004 /* JoinInviteSheet.swift in Sources */ = {isa = PBXBuildFile; fileRef = EF6D32673A9943272D5463EC /* JoinInviteSheet.swift */; };
		710BDE7134B50D9B689B85A8 /* TemplateCard.swift in Sources */ = {isa = PBXBuildFile; fileRef = 67E11342D735675040AE7050 /* TemplateCard.swift */; };
		72BB38409A834950DC0B8376 /* ChallengeStore.swift in Sources */ = {isa = PBXBuildFile; fileRef = D84B3F62C6B701FAA556F17C /* ChallengeStore.swift */; };
		7CC660696787B3AE773F541B /* ComposerSteps.swift in Sources */ = {isa = PBXBuildFile; fileRef = 0855A2CBF890C0C3EB1B78A2 /* ComposerSteps.swift */; };
		7DBC79C73BE96F8F05EC3ADC /* CloudKitIdempotencyTests.swift in Sources */ = {isa = PBXBuildFile; fileRef = D368B5EEB82BA19C2F326C07 /* CloudKitIdempotencyTests.swift */; };
		7E8BEF849C579E4C2BA064A7 /* Challenge.swift in Sources */ = {isa = PBXBuildFile; fileRef = C77CA7B14A9377DA4208ECED /* Challenge.swift */; };
		7E9B4219C8D6196273ECE291 /* RecordClipView.swift in Sources */ = {isa = PBXBuildFile; fileRef = 08062D437D1CBE853146D03F /* RecordClipView.swift */; };
		806E0202071BA2FD07F359EA /* StitchedMomentPreview.swift in Sources */ = {isa = PBXBuildFile; fileRef = 830E92D48ADAF85F3FFD0A1C /* StitchedMomentPreview.swift */; };
		87B43DAA272CACEFA7291E28 /* ChallengePresenter.swift in Sources */ = {isa = PBXBuildFile; fileRef = CAE40B9C575B80C591374DFE /* ChallengePresenter.swift */; };
		8D1A5A68DF6BA0461E980BF1 /* Localization.swift in Sources */ = {isa = PBXBuildFile; fileRef = EE75EB1358ED3CA2E38EE93E /* Localization.swift */; };
		91462E380EFCCFEDDAA578AD /* CloudKitPaginationTests.swift in Sources */ = {isa = PBXBuildFile; fileRef = C17D93D02F8DC097DBC7A95E /* CloudKitPaginationTests.swift */; };
		938D7AD5D9086826F0097F4A /* VideoStitcherTests.swift in Sources */ = {isa = PBXBuildFile; fileRef = 334D3FA26FA28D977BC50ECE /* VideoStitcherTests.swift */; };
		94FA1CA14DC73ADCF0885E26 /* NotificationTests.swift in Sources */ = {isa = PBXBuildFile; fileRef = 0B53FFB838BA4383441088A2 /* NotificationTests.swift */; };
		9592A94F4960D646C187019A /* HomeHeaderSummary.swift in Sources */ = {isa = PBXBuildFile; fileRef = 3A0C98CC5E6DECB12A567511 /* HomeHeaderSummary.swift */; };
		9ACA019799B6AA5A3B6CF38B /* DemoClipFactoryTests.swift in Sources */ = {isa = PBXBuildFile; fileRef = 012557C7BAC9618102CA207A /* DemoClipFactoryTests.swift */; };
		A382983CBFDA9838105E9E66 /* JoinedRoomTests.swift in Sources */ = {isa = PBXBuildFile; fileRef = 88F3CA683A65B31C86B7845A /* JoinedRoomTests.swift */; };
		A6AAF976535B511EDABE4BBF /* AvatarStack.swift in Sources */ = {isa = PBXBuildFile; fileRef = 965D84D3822EA34E86397531 /* AvatarStack.swift */; };
		A8BBBFB3731891646D619B30 /* StoryCard.swift in Sources */ = {isa = PBXBuildFile; fileRef = B487D6D48C377EA89036DC9D /* StoryCard.swift */; };
		AA1391571502CFE25EEDAA5E /* sample-film.mp4 in Resources */ = {isa = PBXBuildFile; fileRef = B69C8214D7E4589DD44F78E8 /* sample-film.mp4 */; };
		ABA3F184ED9F5F221FC69467 /* ChallengeRepository.swift in Sources */ = {isa = PBXBuildFile; fileRef = 73575490179E30D459EFDBA2 /* ChallengeRepository.swift */; };
		B1D076EB4830B7B50BEC6B47 /* ClipPreviewView.swift in Sources */ = {isa = PBXBuildFile; fileRef = DA520086AD531DD7B14C9812 /* ClipPreviewView.swift */; };
		B2226293963B94F0DE5E30BD /* MemberChip.swift in Sources */ = {isa = PBXBuildFile; fileRef = C9E29668954C7B76AF34FCD5 /* MemberChip.swift */; };
		B3C26869172D622BF93B9838 /* HomeHeaderSummaryTests.swift in Sources */ = {isa = PBXBuildFile; fileRef = B595C1B836B816FC0E1DD54C /* HomeHeaderSummaryTests.swift */; };
		B433A345D45D85E1B641928E /* Identity+Color.swift in Sources */ = {isa = PBXBuildFile; fileRef = 357B6A37FBB51AA264F15243 /* Identity+Color.swift */; };
		B4B8040731E08FEF6E7CE47C /* CloudKitService.swift in Sources */ = {isa = PBXBuildFile; fileRef = 27C8EBBAA108E0B6BAD2FF7C /* CloudKitService.swift */; };
		B50AE57A978E1079AF2DD667 /* InviteCodeTests.swift in Sources */ = {isa = PBXBuildFile; fileRef = 990CDD78C85A0A08E3663223 /* InviteCodeTests.swift */; };
		B69D9E828BF48E81B54F17E2 /* ModelDisplayText.swift in Sources */ = {isa = PBXBuildFile; fileRef = 4B4ABC2D60D8190530746233 /* ModelDisplayText.swift */; };
		B7B4BF6AEECB218511A14B35 /* TimelineHeader.swift in Sources */ = {isa = PBXBuildFile; fileRef = 812A5180E975AB0DEC13DE2F /* TimelineHeader.swift */; };
		B8BC2FD3F3ED65CB60949595 /* NotificationPrimerView.swift in Sources */ = {isa = PBXBuildFile; fileRef = EC32E99E37FDF4EC43AC0B0E /* NotificationPrimerView.swift */; };
		BEE46540CE9EB7A802B05D16 /* OneDayControls.swift in Sources */ = {isa = PBXBuildFile; fileRef = DE617BB67B2ED88146C35DD9 /* OneDayControls.swift */; };
		C6B267B599F7D352342E5315 /* Assets.xcassets in Resources */ = {isa = PBXBuildFile; fileRef = 03F8F9F092CD5354A1197CCB /* Assets.xcassets */; };
		C6CFE97F01C60F17A9CCE835 /* FilmView.swift in Sources */ = {isa = PBXBuildFile; fileRef = 56AF38A018C9C338F64FE0EF /* FilmView.swift */; };
		CC5D2220CC11B1DBECE0ABA6 /* FloatingTabBar.swift in Sources */ = {isa = PBXBuildFile; fileRef = 03B64CA7AAB2506B0D612DD8 /* FloatingTabBar.swift */; };
		CEAE66C5F13CA47734782F1A /* DemoClipFactory.swift in Sources */ = {isa = PBXBuildFile; fileRef = 0F6101647593FB1D08FE5643 /* DemoClipFactory.swift */; };
		CF9F22C74B5EFAB28EE27138 /* SharedRoomFilmTests.swift in Sources */ = {isa = PBXBuildFile; fileRef = 851D311794C98C56E3B4F9D1 /* SharedRoomFilmTests.swift */; };
		D0049DC717160AD6A533D366 /* MomentCatalog.swift in Sources */ = {isa = PBXBuildFile; fileRef = 3F553DA583104CE8F17B75EC /* MomentCatalog.swift */; };
		D3CB195CDE74A66B36954C10 /* DayCard.swift in Sources */ = {isa = PBXBuildFile; fileRef = B1A2AE0704E7AD406295107B /* DayCard.swift */; };
		D75DD6F852BD4EA33A3E8833 /* NotificationCoordinator.swift in Sources */ = {isa = PBXBuildFile; fileRef = D9F6E9F42EBCF8511F5D31BA /* NotificationCoordinator.swift */; };
		D9D4473D30AAF92EDA832329 /* StorySchedule.swift in Sources */ = {isa = PBXBuildFile; fileRef = 9393BC3FC31A23786C7E5543 /* StorySchedule.swift */; };
		DA28A7A9F684F7ED9192EF72 /* PlansHomeView.swift in Sources */ = {isa = PBXBuildFile; fileRef = 666B572B0B977A7478668FF0 /* PlansHomeView.swift */; };
		DDA69B1DB0F5875459629744 /* ProgressRing.swift in Sources */ = {isa = PBXBuildFile; fileRef = 7C5B9A68FF1712B56A2D9A75 /* ProgressRing.swift */; };
		DFFDB4F413D52642A9B3DFDE /* CreationFlowUITests.swift in Sources */ = {isa = PBXBuildFile; fileRef = F9116E3B1661E75034A5317D /* CreationFlowUITests.swift */; };
		E4856DCD8401EA9875206061 /* ClipRecorder.swift in Sources */ = {isa = PBXBuildFile; fileRef = 9A9F4DAB25F0BED115C92230 /* ClipRecorder.swift */; };
		E538DFC3DB8E4704C64ED6FF /* ChallengeTemplate.swift in Sources */ = {isa = PBXBuildFile; fileRef = 5162510745E644A4CBC5388F /* ChallengeTemplate.swift */; };
		E6B92F0093A90EDDE3F0F08A /* ClipFixtureFactory.swift in Sources */ = {isa = PBXBuildFile; fileRef = 50C2CEBEB0FCD4A5A8D229BA /* ClipFixtureFactory.swift */; };
		E890890209424E337E127B55 /* Identity.swift in Sources */ = {isa = PBXBuildFile; fileRef = 3B30BF702896AFF766E6DC46 /* Identity.swift */; };
		F58DE78F432CEC831C3606EF /* GridTapTests.swift in Sources */ = {isa = PBXBuildFile; fileRef = C79D5F27B8576AAB79E4C5D1 /* GridTapTests.swift */; };
		F59980780B969C45E7093738 /* StoryComposerView.swift in Sources */ = {isa = PBXBuildFile; fileRef = B17F8C434A91C37FA23D4ADA /* StoryComposerView.swift */; };
		F5FB6686461ADD69FEE12B09 /* SignInView.swift in Sources */ = {isa = PBXBuildFile; fileRef = 297FD49D423AAAAF52D8A093 /* SignInView.swift */; };
		F9986D0EA9F5BCF51E83F8D4 /* RoomSyncIntegrationTests.swift in Sources */ = {isa = PBXBuildFile; fileRef = E488AD19C7AF2505FB45AD1B /* RoomSyncIntegrationTests.swift */; };
		FDC932372082D8FE3812C671 /* FirstRunOnboardingView.swift in Sources */ = {isa = PBXBuildFile; fileRef = A36EA115329B574E896C71EC /* FirstRunOnboardingView.swift */; };
/* End PBXBuildFile section */

/* Begin PBXContainerItemProxy section */
		7FE31AB379EF8FBD45017AFF /* PBXContainerItemProxy */ = {
			isa = PBXContainerItemProxy;
			containerPortal = B714AC763B8DC6B6CDF9CEF4 /* Project object */;
			proxyType = 1;
			remoteGlobalIDString = 8D75B5404776D2624BE354D4;
			remoteInfo = AISetlog;
		};
		86EA8DBA8A8B4D12B89F968A /* PBXContainerItemProxy */ = {
			isa = PBXContainerItemProxy;
			containerPortal = B714AC763B8DC6B6CDF9CEF4 /* Project object */;
			proxyType = 1;
			remoteGlobalIDString = 8D75B5404776D2624BE354D4;
			remoteInfo = AISetlog;
		};
/* End PBXContainerItemProxy section */

/* Begin PBXFileReference section */
		012557C7BAC9618102CA207A /* DemoClipFactoryTests.swift */ = {isa = PBXFileReference; lastKnownFileType = sourcecode.swift; path = DemoClipFactoryTests.swift; sourceTree = "<group>"; };
		01BA18EF86A7555B31D64B1B /* ClipInteraction.swift */ = {isa = PBXFileReference; lastKnownFileType = sourcecode.swift; path = ClipInteraction.swift; sourceTree = "<group>"; };
		03B64CA7AAB2506B0D612DD8 /* FloatingTabBar.swift */ = {isa = PBXFileReference; lastKnownFileType = sourcecode.swift; path = FloatingTabBar.swift; sourceTree = "<group>"; };
		03F8F9F092CD5354A1197CCB /* Assets.xcassets */ = {isa = PBXFileReference; lastKnownFileType = folder.assetcatalog; path = Assets.xcassets; sourceTree = "<group>"; };
		08062D437D1CBE853146D03F /* RecordClipView.swift */ = {isa = PBXFileReference; lastKnownFileType = sourcecode.swift; path = RecordClipView.swift; sourceTree = "<group>"; };
		0855A2CBF890C0C3EB1B78A2 /* ComposerSteps.swift */ = {isa = PBXFileReference; lastKnownFileType = sourcecode.swift; path = ComposerSteps.swift; sourceTree = "<group>"; };
		0B53FFB838BA4383441088A2 /* NotificationTests.swift */ = {isa = PBXFileReference; lastKnownFileType = sourcecode.swift; path = NotificationTests.swift; sourceTree = "<group>"; };
		0E0FDF28043B736116C77C99 /* CameraComponents.swift */ = {isa = PBXFileReference; lastKnownFileType = sourcecode.swift; path = CameraComponents.swift; sourceTree = "<group>"; };
		0F6101647593FB1D08FE5643 /* DemoClipFactory.swift */ = {isa = PBXFileReference; lastKnownFileType = sourcecode.swift; path = DemoClipFactory.swift; sourceTree = "<group>"; };
		1203805BE113F00D0764E06C /* LocalizationTests.swift */ = {isa = PBXFileReference; lastKnownFileType = sourcecode.swift; path = LocalizationTests.swift; sourceTree = "<group>"; };
		1A56B0E8E0A51EAA2B9D024D /* FinalFilmTimeline.swift */ = {isa = PBXFileReference; lastKnownFileType = sourcecode.swift; path = FinalFilmTimeline.swift; sourceTree = "<group>"; };
		1C3C2A2B0AE72D844F68EB50 /* AccountStore.swift */ = {isa = PBXFileReference; lastKnownFileType = sourcecode.swift; path = AccountStore.swift; sourceTree = "<group>"; };
		218AC0301CBC98849CD9C335 /* GuidedMomentsView.swift */ = {isa = PBXFileReference; lastKnownFileType = sourcecode.swift; path = GuidedMomentsView.swift; sourceTree = "<group>"; };
		27C8EBBAA108E0B6BAD2FF7C /* CloudKitService.swift */ = {isa = PBXFileReference; lastKnownFileType = sourcecode.swift; path = CloudKitService.swift; sourceTree = "<group>"; };
		297FD49D423AAAAF52D8A093 /* SignInView.swift */ = {isa = PBXFileReference; lastKnownFileType = sourcecode.swift; path = SignInView.swift; sourceTree = "<group>"; };
		316FA8086369996C7A7C9639 /* RootShellView.swift */ = {isa = PBXFileReference; lastKnownFileType = sourcecode.swift; path = RootShellView.swift; sourceTree = "<group>"; };
		334D3FA26FA28D977BC50ECE /* VideoStitcherTests.swift */ = {isa = PBXFileReference; lastKnownFileType = sourcecode.swift; path = VideoStitcherTests.swift; sourceTree = "<group>"; };
		357B6A37FBB51AA264F15243 /* Identity+Color.swift */ = {isa = PBXFileReference; lastKnownFileType = sourcecode.swift; path = "Identity+Color.swift"; sourceTree = "<group>"; };
		35CFF8D9FFA9B5BBF4505FAB /* RoomSyncService.swift */ = {isa = PBXFileReference; lastKnownFileType = sourcecode.swift; path = RoomSyncService.swift; sourceTree = "<group>"; };
		3A0C98CC5E6DECB12A567511 /* HomeHeaderSummary.swift */ = {isa = PBXFileReference; lastKnownFileType = sourcecode.swift; path = HomeHeaderSummary.swift; sourceTree = "<group>"; };
		3B166E63A2BA6F620F69321D /* ClipFileStore.swift */ = {isa = PBXFileReference; lastKnownFileType = sourcecode.swift; path = ClipFileStore.swift; sourceTree = "<group>"; };
		3B30BF702896AFF766E6DC46 /* Identity.swift */ = {isa = PBXFileReference; lastKnownFileType = sourcecode.swift; path = Identity.swift; sourceTree = "<group>"; };
		3F553DA583104CE8F17B75EC /* MomentCatalog.swift */ = {isa = PBXFileReference; lastKnownFileType = sourcecode.swift; path = MomentCatalog.swift; sourceTree = "<group>"; };
		455F39D16DA91C86EB710E8E /* BuildTemplateView.swift */ = {isa = PBXFileReference; lastKnownFileType = sourcecode.swift; path = BuildTemplateView.swift; sourceTree = "<group>"; };
		4B4ABC2D60D8190530746233 /* ModelDisplayText.swift */ = {isa = PBXFileReference; lastKnownFileType = sourcecode.swift; path = ModelDisplayText.swift; sourceTree = "<group>"; };
		4D0C19B0B318517F2E4CC086 /* TimelineClip.swift */ = {isa = PBXFileReference; lastKnownFileType = sourcecode.swift; path = TimelineClip.swift; sourceTree = "<group>"; };
		50C2CEBEB0FCD4A5A8D229BA /* ClipFixtureFactory.swift */ = {isa = PBXFileReference; lastKnownFileType = sourcecode.swift; path = ClipFixtureFactory.swift; sourceTree = "<group>"; };
		5162510745E644A4CBC5388F /* ChallengeTemplate.swift */ = {isa = PBXFileReference; lastKnownFileType = sourcecode.swift; path = ChallengeTemplate.swift; sourceTree = "<group>"; };
		5276B699CA06586366605748 /* AISetlog.app */ = {isa = PBXFileReference; includeInIndex = 0; lastKnownFileType = wrapper.application; path = AISetlog.app; sourceTree = BUILT_PRODUCTS_DIR; };
		56AF38A018C9C338F64FE0EF /* FilmView.swift */ = {isa = PBXFileReference; lastKnownFileType = sourcecode.swift; path = FilmView.swift; sourceTree = "<group>"; };
		5FA535170ECF2F2F587FAD0F /* StoryTimelineView.swift */ = {isa = PBXFileReference; lastKnownFileType = sourcecode.swift; path = StoryTimelineView.swift; sourceTree = "<group>"; };
		666B572B0B977A7478668FF0 /* PlansHomeView.swift */ = {isa = PBXFileReference; lastKnownFileType = sourcecode.swift; path = PlansHomeView.swift; sourceTree = "<group>"; };
		67E11342D735675040AE7050 /* TemplateCard.swift */ = {isa = PBXFileReference; lastKnownFileType = sourcecode.swift; path = TemplateCard.swift; sourceTree = "<group>"; };
		6E746E00C782FC429881A9E0 /* SettingsView.swift */ = {isa = PBXFileReference; lastKnownFileType = sourcecode.swift; path = SettingsView.swift; sourceTree = "<group>"; };
		71F4B8537CFE73ED795CBBE3 /* AISetlogTests.xctest */ = {isa = PBXFileReference; includeInIndex = 0; lastKnownFileType = wrapper.cfbundle; path = AISetlogTests.xctest; sourceTree = BUILT_PRODUCTS_DIR; };
		72ADE1A2FBF5E0B812B8C66B /* SharedActivityNotificationService.swift */ = {isa = PBXFileReference; lastKnownFileType = sourcecode.swift; path = SharedActivityNotificationService.swift; sourceTree = "<group>"; };
		73575490179E30D459EFDBA2 /* ChallengeRepository.swift */ = {isa = PBXFileReference; lastKnownFileType = sourcecode.swift; path = ChallengeRepository.swift; sourceTree = "<group>"; };
		75E73E5C157A0714BD9B0544 /* ClipPreviewComponents.swift */ = {isa = PBXFileReference; lastKnownFileType = sourcecode.swift; path = ClipPreviewComponents.swift; sourceTree = "<group>"; };
		7C5B9A68FF1712B56A2D9A75 /* ProgressRing.swift */ = {isa = PBXFileReference; lastKnownFileType = sourcecode.swift; path = ProgressRing.swift; sourceTree = "<group>"; };
		7F0C91DDF53E65DB3F78D79E /* AISetlogApp.swift */ = {isa = PBXFileReference; lastKnownFileType = sourcecode.swift; path = AISetlogApp.swift; sourceTree = "<group>"; };
		812A5180E975AB0DEC13DE2F /* TimelineHeader.swift */ = {isa = PBXFileReference; lastKnownFileType = sourcecode.swift; path = TimelineHeader.swift; sourceTree = "<group>"; };
		830E92D48ADAF85F3FFD0A1C /* StitchedMomentPreview.swift */ = {isa = PBXFileReference; lastKnownFileType = sourcecode.swift; path = StitchedMomentPreview.swift; sourceTree = "<group>"; };
		851D311794C98C56E3B4F9D1 /* SharedRoomFilmTests.swift */ = {isa = PBXFileReference; lastKnownFileType = sourcecode.swift; path = SharedRoomFilmTests.swift; sourceTree = "<group>"; };
		88F3CA683A65B31C86B7845A /* JoinedRoomTests.swift */ = {isa = PBXFileReference; lastKnownFileType = sourcecode.swift; path = JoinedRoomTests.swift; sourceTree = "<group>"; };
		8AC7524C5A9AAC7162DDDA87 /* ClipPlayback.swift */ = {isa = PBXFileReference; lastKnownFileType = sourcecode.swift; path = ClipPlayback.swift; sourceTree = "<group>"; };
		8B8D0FC9221F71488651F7EB /* GeneratingFilm.swift */ = {isa = PBXFileReference; lastKnownFileType = sourcecode.swift; path = GeneratingFilm.swift; sourceTree = "<group>"; };
		910499E8EA4BC20C9D19A805 /* ChallengeStateTests.swift */ = {isa = PBXFileReference; lastKnownFileType = sourcecode.swift; path = ChallengeStateTests.swift; sourceTree = "<group>"; };
		9159395B2F82F291A759372A /* AISetlogUITests.xctest */ = {isa = PBXFileReference; includeInIndex = 0; lastKnownFileType = wrapper.cfbundle; path = AISetlogUITests.xctest; sourceTree = BUILT_PRODUCTS_DIR; };
		92B55A0585DEBADDE34CA337 /* BoardTheme.swift */ = {isa = PBXFileReference; lastKnownFileType = sourcecode.swift; path = BoardTheme.swift; sourceTree = "<group>"; };
		9393BC3FC31A23786C7E5543 /* StorySchedule.swift */ = {isa = PBXFileReference; lastKnownFileType = sourcecode.swift; path = StorySchedule.swift; sourceTree = "<group>"; };
		965D84D3822EA34E86397531 /* AvatarStack.swift */ = {isa = PBXFileReference; lastKnownFileType = sourcecode.swift; path = AvatarStack.swift; sourceTree = "<group>"; };
		990CDD78C85A0A08E3663223 /* InviteCodeTests.swift */ = {isa = PBXFileReference; lastKnownFileType = sourcecode.swift; path = InviteCodeTests.swift; sourceTree = "<group>"; };
		9A9F4DAB25F0BED115C92230 /* ClipRecorder.swift */ = {isa = PBXFileReference; lastKnownFileType = sourcecode.swift; path = ClipRecorder.swift; sourceTree = "<group>"; };
		9B50B39418A708023F95ACFF /* Theme.swift */ = {isa = PBXFileReference; lastKnownFileType = sourcecode.swift; path = Theme.swift; sourceTree = "<group>"; };
		9E5B8E1D0D51CCFB998478B4 /* Info.plist */ = {isa = PBXFileReference; lastKnownFileType = text.plist; path = Info.plist; sourceTree = "<group>"; };
		9E76B99FB8F5151A6D163C3B /* PrivacyInfo.xcprivacy */ = {isa = PBXFileReference; path = PrivacyInfo.xcprivacy; sourceTree = "<group>"; };
		A36EA115329B574E896C71EC /* FirstRunOnboardingView.swift */ = {isa = PBXFileReference; lastKnownFileType = sourcecode.swift; path = FirstRunOnboardingView.swift; sourceTree = "<group>"; };
		B11E5006AF576CB6CAE663B6 /* AISetlog.entitlements */ = {isa = PBXFileReference; lastKnownFileType = text.plist.entitlements; path = AISetlog.entitlements; sourceTree = "<group>"; };
		B17F8C434A91C37FA23D4ADA /* StoryComposerView.swift */ = {isa = PBXFileReference; lastKnownFileType = sourcecode.swift; path = StoryComposerView.swift; sourceTree = "<group>"; };
		B1A2AE0704E7AD406295107B /* DayCard.swift */ = {isa = PBXFileReference; lastKnownFileType = sourcecode.swift; path = DayCard.swift; sourceTree = "<group>"; };
		B487D6D48C377EA89036DC9D /* StoryCard.swift */ = {isa = PBXFileReference; lastKnownFileType = sourcecode.swift; path = StoryCard.swift; sourceTree = "<group>"; };
		B595C1B836B816FC0E1DD54C /* HomeHeaderSummaryTests.swift */ = {isa = PBXFileReference; lastKnownFileType = sourcecode.swift; path = HomeHeaderSummaryTests.swift; sourceTree = "<group>"; };
		B69C8214D7E4589DD44F78E8 /* sample-film.mp4 */ = {isa = PBXFileReference; path = "sample-film.mp4"; sourceTree = "<group>"; };
		C17D93D02F8DC097DBC7A95E /* CloudKitPaginationTests.swift */ = {isa = PBXFileReference; lastKnownFileType = sourcecode.swift; path = CloudKitPaginationTests.swift; sourceTree = "<group>"; };
		C77CA7B14A9377DA4208ECED /* Challenge.swift */ = {isa = PBXFileReference; lastKnownFileType = sourcecode.swift; path = Challenge.swift; sourceTree = "<group>"; };
		C79D5F27B8576AAB79E4C5D1 /* GridTapTests.swift */ = {isa = PBXFileReference; lastKnownFileType = sourcecode.swift; path = GridTapTests.swift; sourceTree = "<group>"; };
		C9E29668954C7B76AF34FCD5 /* MemberChip.swift */ = {isa = PBXFileReference; lastKnownFileType = sourcecode.swift; path = MemberChip.swift; sourceTree = "<group>"; };
		CAE40B9C575B80C591374DFE /* ChallengePresenter.swift */ = {isa = PBXFileReference; lastKnownFileType = sourcecode.swift; path = ChallengePresenter.swift; sourceTree = "<group>"; };
		CFE37A31301F718C534F268A /* VlogPlayer.swift */ = {isa = PBXFileReference; lastKnownFileType = sourcecode.swift; path = VlogPlayer.swift; sourceTree = "<group>"; };
		D368B5EEB82BA19C2F326C07 /* CloudKitIdempotencyTests.swift */ = {isa = PBXFileReference; lastKnownFileType = sourcecode.swift; path = CloudKitIdempotencyTests.swift; sourceTree = "<group>"; };
		D496FA2FD678B671A1723CCE /* zh-Hans */ = {isa = PBXFileReference; lastKnownFileType = text.plist.strings; name = "zh-Hans"; path = "zh-Hans.lproj/InfoPlist.strings"; sourceTree = "<group>"; };
		D84B3F62C6B701FAA556F17C /* ChallengeStore.swift */ = {isa = PBXFileReference; lastKnownFileType = sourcecode.swift; path = ChallengeStore.swift; sourceTree = "<group>"; };
		D9F6E9F42EBCF8511F5D31BA /* NotificationCoordinator.swift */ = {isa = PBXFileReference; lastKnownFileType = sourcecode.swift; path = NotificationCoordinator.swift; sourceTree = "<group>"; };
		DA520086AD531DD7B14C9812 /* ClipPreviewView.swift */ = {isa = PBXFileReference; lastKnownFileType = sourcecode.swift; path = ClipPreviewView.swift; sourceTree = "<group>"; };
		DDFA2FC17353B12549FB3213 /* VideoStitcher.swift */ = {isa = PBXFileReference; lastKnownFileType = sourcecode.swift; path = VideoStitcher.swift; sourceTree = "<group>"; };
		DE617BB67B2ED88146C35DD9 /* OneDayControls.swift */ = {isa = PBXFileReference; lastKnownFileType = sourcecode.swift; path = OneDayControls.swift; sourceTree = "<group>"; };
		E2BE138CBEA47AFE2B8D7B81 /* ReminderService.swift */ = {isa = PBXFileReference; lastKnownFileType = sourcecode.swift; path = ReminderService.swift; sourceTree = "<group>"; };
		E488AD19C7AF2505FB45AD1B /* RoomSyncIntegrationTests.swift */ = {isa = PBXFileReference; lastKnownFileType = sourcecode.swift; path = RoomSyncIntegrationTests.swift; sourceTree = "<group>"; };
		E5705E42B10C9FF7234A2E15 /* en */ = {isa = PBXFileReference; lastKnownFileType = text.plist.strings; name = en; path = en.lproj/InfoPlist.strings; sourceTree = "<group>"; };
		EA0E3B6710E2DA89EAD960CF /* DayClip.swift */ = {isa = PBXFileReference; lastKnownFileType = sourcecode.swift; path = DayClip.swift; sourceTree = "<group>"; };
		EC32E99E37FDF4EC43AC0B0E /* NotificationPrimerView.swift */ = {isa = PBXFileReference; lastKnownFileType = sourcecode.swift; path = NotificationPrimerView.swift; sourceTree = "<group>"; };
		EE75EB1358ED3CA2E38EE93E /* Localization.swift */ = {isa = PBXFileReference; lastKnownFileType = sourcecode.swift; path = Localization.swift; sourceTree = "<group>"; };
		EF6D32673A9943272D5463EC /* JoinInviteSheet.swift */ = {isa = PBXFileReference; lastKnownFileType = sourcecode.swift; path = JoinInviteSheet.swift; sourceTree = "<group>"; };
		F898A00CB2C9F6BE1DD94A02 /* StoryGridView.swift */ = {isa = PBXFileReference; lastKnownFileType = sourcecode.swift; path = StoryGridView.swift; sourceTree = "<group>"; };
		F9116E3B1661E75034A5317D /* CreationFlowUITests.swift */ = {isa = PBXFileReference; lastKnownFileType = sourcecode.swift; path = CreationFlowUITests.swift; sourceTree = "<group>"; };
		FA61F6678AC2E613A827F771 /* OneDaySurfaces.swift */ = {isa = PBXFileReference; lastKnownFileType = sourcecode.swift; path = OneDaySurfaces.swift; sourceTree = "<group>"; };
/* End PBXFileReference section */

/* Begin PBXGroup section */
		02E3190F490098C9998DADA2 /* Components */ = {
			isa = PBXGroup;
			children = (
				965D84D3822EA34E86397531 /* AvatarStack.swift */,
				8AC7524C5A9AAC7162DDDA87 /* ClipPlayback.swift */,
				03B64CA7AAB2506B0D612DD8 /* FloatingTabBar.swift */,
				357B6A37FBB51AA264F15243 /* Identity+Color.swift */,
				C9E29668954C7B76AF34FCD5 /* MemberChip.swift */,
				7C5B9A68FF1712B56A2D9A75 /* ProgressRing.swift */,
				B487D6D48C377EA89036DC9D /* StoryCard.swift */,
				67E11342D735675040AE7050 /* TemplateCard.swift */,
				4D0C19B0B318517F2E4CC086 /* TimelineClip.swift */,
				CFE37A31301F718C534F268A /* VlogPlayer.swift */,
			);
			path = Components;
			sourceTree = "<group>";
		};
		12AAE18175E65955B0814B6D /* DesignSystem */ = {
			isa = PBXGroup;
			children = (
				DE617BB67B2ED88146C35DD9 /* OneDayControls.swift */,
				FA61F6678AC2E613A827F771 /* OneDaySurfaces.swift */,
			);
			path = DesignSystem;
			sourceTree = "<group>";
		};
		27276296D355D110F529BA5C /* Persistence */ = {
			isa = PBXGroup;
			children = (
				73575490179E30D459EFDBA2 /* ChallengeRepository.swift */,
				3B166E63A2BA6F620F69321D /* ClipFileStore.swift */,
			);
			path = Persistence;
			sourceTree = "<group>";
		};
		2EE238A2E91CED56AF3BC3BA /* Plans */ = {
			isa = PBXGroup;
			children = (
				666B572B0B977A7478668FF0 /* PlansHomeView.swift */,
			);
			path = Plans;
			sourceTree = "<group>";
		};
		306DDE87B1D242AC400659F9 /* Models */ = {
			isa = PBXGroup;
			children = (
				C77CA7B14A9377DA4208ECED /* Challenge.swift */,
				5162510745E644A4CBC5388F /* ChallengeTemplate.swift */,
				01BA18EF86A7555B31D64B1B /* ClipInteraction.swift */,
				B1A2AE0704E7AD406295107B /* DayCard.swift */,
				EA0E3B6710E2DA89EAD960CF /* DayClip.swift */,
				3B30BF702896AFF766E6DC46 /* Identity.swift */,
				3F553DA583104CE8F17B75EC /* MomentCatalog.swift */,
			);
			path = Models;
			sourceTree = "<group>";
		};
		3B62E35ED1FD50159E5B0534 /* Cloud */ = {
			isa = PBXGroup;
			children = (
				27C8EBBAA108E0B6BAD2FF7C /* CloudKitService.swift */,
				35CFF8D9FFA9B5BBF4505FAB /* RoomSyncService.swift */,
			);
			path = Cloud;
			sourceTree = "<group>";
		};
		45849943267E0B2C9DC38D4E /* AISetlog */ = {
			isa = PBXGroup;
			children = (
				B11E5006AF576CB6CAE663B6 /* AISetlog.entitlements */,
				03F8F9F092CD5354A1197CCB /* Assets.xcassets */,
				9E5B8E1D0D51CCFB998478B4 /* Info.plist */,
				9E76B99FB8F5151A6D163C3B /* PrivacyInfo.xcprivacy */,
				677CE1B22C74553D444413D7 /* App */,
				C8D1086383EEF6A0070567C4 /* InfoPlist.strings */,
				306DDE87B1D242AC400659F9 /* Models */,
				E8F4E1CD393386773F5C6E3E /* Presentation */,
				6B53F23E6339C2A7A53C1C01 /* Resources */,
				FAA687E5722F0C0796BFAB2F /* Services */,
				C2B8697C190E6CF21EBE708C /* Views */,
			);
			path = AISetlog;
			sourceTree = "<group>";
		};
		590A62C7BDA4FAA10BA59D68 /* Onboarding */ = {
			isa = PBXGroup;
			children = (
				B69C8214D7E4589DD44F78E8 /* sample-film.mp4 */,
			);
			path = Onboarding;
			sourceTree = "<group>";
		};
		59421FBA1393045C2F025124 /* AISetlogUITests */ = {
			isa = PBXGroup;
			children = (
				F9116E3B1661E75034A5317D /* CreationFlowUITests.swift */,
			);
			path = AISetlogUITests;
			sourceTree = "<group>";
		};
		677CE1B22C74553D444413D7 /* App */ = {
			isa = PBXGroup;
			children = (
				7F0C91DDF53E65DB3F78D79E /* AISetlogApp.swift */,
			);
			path = App;
			sourceTree = "<group>";
		};
		6B53F23E6339C2A7A53C1C01 /* Resources */ = {
			isa = PBXGroup;
			children = (
				9B50B39418A708023F95ACFF /* Theme.swift */,
				C720608B616AB86D7358AA60 /* Localization */,
				590A62C7BDA4FAA10BA59D68 /* Onboarding */,
			);
			path = Resources;
			sourceTree = "<group>";
		};
		6C35C6A629A1CF06A3EE5D4D /* Products */ = {
			isa = PBXGroup;
			children = (
				5276B699CA06586366605748 /* AISetlog.app */,
				71F4B8537CFE73ED795CBBE3 /* AISetlogTests.xctest */,
				9159395B2F82F291A759372A /* AISetlogUITests.xctest */,
			);
			name = Products;
			sourceTree = "<group>";
		};
		832C888E7AC484BD41ACF325 /* Settings */ = {
			isa = PBXGroup;
			children = (
				EC32E99E37FDF4EC43AC0B0E /* NotificationPrimerView.swift */,
				6E746E00C782FC429881A9E0 /* SettingsView.swift */,
				297FD49D423AAAAF52D8A093 /* SignInView.swift */,
			);
			path = Settings;
			sourceTree = "<group>";
		};
		89A82E8997F8225F48FA8342 /* Record */ = {
			isa = PBXGroup;
			children = (
				0E0FDF28043B736116C77C99 /* CameraComponents.swift */,
				75E73E5C157A0714BD9B0544 /* ClipPreviewComponents.swift */,
				DA520086AD531DD7B14C9812 /* ClipPreviewView.swift */,
				08062D437D1CBE853146D03F /* RecordClipView.swift */,
			);
			path = Record;
			sourceTree = "<group>";
		};
		8E85727BE61438887AE06633 /* Film */ = {
			isa = PBXGroup;
			children = (
				56AF38A018C9C338F64FE0EF /* FilmView.swift */,
				1A56B0E8E0A51EAA2B9D024D /* FinalFilmTimeline.swift */,
				8B8D0FC9221F71488651F7EB /* GeneratingFilm.swift */,
			);
			path = Film;
			sourceTree = "<group>";
		};
		92B50AF78FB38492FA1F9291 = {
			isa = PBXGroup;
			children = (
				45849943267E0B2C9DC38D4E /* AISetlog */,
				DB7D40B1B5F3E73168A04D44 /* AISetlogTests */,
				59421FBA1393045C2F025124 /* AISetlogUITests */,
				6C35C6A629A1CF06A3EE5D4D /* Products */,
			);
			sourceTree = "<group>";
		};
		BE67D6C9A07C07261295C49C /* Media */ = {
			isa = PBXGroup;
			children = (
				9A9F4DAB25F0BED115C92230 /* ClipRecorder.swift */,
				0F6101647593FB1D08FE5643 /* DemoClipFactory.swift */,
				DDFA2FC17353B12549FB3213 /* VideoStitcher.swift */,
			);
			path = Media;
			sourceTree = "<group>";
		};
		C2B8697C190E6CF21EBE708C /* Views */ = {
			isa = PBXGroup;
			children = (
				316FA8086369996C7A7C9639 /* RootShellView.swift */,
				D22351996CE093F077BEC168 /* Board */,
				02E3190F490098C9998DADA2 /* Components */,
				F4CE020B46EF9045B5647F25 /* Compose */,
				12AAE18175E65955B0814B6D /* DesignSystem */,
				8E85727BE61438887AE06633 /* Film */,
				CF4A68EF23314F7D9CC4E98F /* Home */,
				2EE238A2E91CED56AF3BC3BA /* Plans */,
				89A82E8997F8225F48FA8342 /* Record */,
				832C888E7AC484BD41ACF325 /* Settings */,
				D61EBCA9DCD3C17BD5D19311 /* Timeline */,
			);
			path = Views;
			sourceTree = "<group>";
		};
		C720608B616AB86D7358AA60 /* Localization */ = {
			isa = PBXGroup;
			children = (
				EE75EB1358ED3CA2E38EE93E /* Localization.swift */,
			);
			path = Localization;
			sourceTree = "<group>";
		};
		CF4A68EF23314F7D9CC4E98F /* Home */ = {
			isa = PBXGroup;
			children = (
				455F39D16DA91C86EB710E8E /* BuildTemplateView.swift */,
				A36EA115329B574E896C71EC /* FirstRunOnboardingView.swift */,
				EF6D32673A9943272D5463EC /* JoinInviteSheet.swift */,
			);
			path = Home;
			sourceTree = "<group>";
		};
		CFF57C0A3E86DD55CB0510E7 /* Notifications */ = {
			isa = PBXGroup;
			children = (
				D9F6E9F42EBCF8511F5D31BA /* NotificationCoordinator.swift */,
				72ADE1A2FBF5E0B812B8C66B /* SharedActivityNotificationService.swift */,
			);
			path = Notifications;
			sourceTree = "<group>";
		};
		D22351996CE093F077BEC168 /* Board */ = {
			isa = PBXGroup;
			children = (
				92B55A0585DEBADDE34CA337 /* BoardTheme.swift */,
			);
			path = Board;
			sourceTree = "<group>";
		};
		D61EBCA9DCD3C17BD5D19311 /* Timeline */ = {
			isa = PBXGroup;
			children = (
				830E92D48ADAF85F3FFD0A1C /* StitchedMomentPreview.swift */,
				F898A00CB2C9F6BE1DD94A02 /* StoryGridView.swift */,
				5FA535170ECF2F2F587FAD0F /* StoryTimelineView.swift */,
				812A5180E975AB0DEC13DE2F /* TimelineHeader.swift */,
			);
			path = Timeline;
			sourceTree = "<group>";
		};
		DB7D40B1B5F3E73168A04D44 /* AISetlogTests */ = {
			isa = PBXGroup;
			children = (
				910499E8EA4BC20C9D19A805 /* ChallengeStateTests.swift */,
				50C2CEBEB0FCD4A5A8D229BA /* ClipFixtureFactory.swift */,
				D368B5EEB82BA19C2F326C07 /* CloudKitIdempotencyTests.swift */,
				C17D93D02F8DC097DBC7A95E /* CloudKitPaginationTests.swift */,
				012557C7BAC9618102CA207A /* DemoClipFactoryTests.swift */,
				C79D5F27B8576AAB79E4C5D1 /* GridTapTests.swift */,
				B595C1B836B816FC0E1DD54C /* HomeHeaderSummaryTests.swift */,
				990CDD78C85A0A08E3663223 /* InviteCodeTests.swift */,
				88F3CA683A65B31C86B7845A /* JoinedRoomTests.swift */,
				1203805BE113F00D0764E06C /* LocalizationTests.swift */,
				0B53FFB838BA4383441088A2 /* NotificationTests.swift */,
				E488AD19C7AF2505FB45AD1B /* RoomSyncIntegrationTests.swift */,
				851D311794C98C56E3B4F9D1 /* SharedRoomFilmTests.swift */,
				334D3FA26FA28D977BC50ECE /* VideoStitcherTests.swift */,
			);
			path = AISetlogTests;
			sourceTree = "<group>";
		};
		E8F4E1CD393386773F5C6E3E /* Presentation */ = {
			isa = PBXGroup;
			children = (
				CAE40B9C575B80C591374DFE /* ChallengePresenter.swift */,
				3A0C98CC5E6DECB12A567511 /* HomeHeaderSummary.swift */,
				4B4ABC2D60D8190530746233 /* ModelDisplayText.swift */,
				9393BC3FC31A23786C7E5543 /* StorySchedule.swift */,
			);
			path = Presentation;
			sourceTree = "<group>";
		};
		F4CE020B46EF9045B5647F25 /* Compose */ = {
			isa = PBXGroup;
			children = (
				0855A2CBF890C0C3EB1B78A2 /* ComposerSteps.swift */,
				218AC0301CBC98849CD9C335 /* GuidedMomentsView.swift */,
				B17F8C434A91C37FA23D4ADA /* StoryComposerView.swift */,
			);
			path = Compose;
			sourceTree = "<group>";
		};
		FAA687E5722F0C0796BFAB2F /* Services */ = {
			isa = PBXGroup;
			children = (
				1C3C2A2B0AE72D844F68EB50 /* AccountStore.swift */,
				D84B3F62C6B701FAA556F17C /* ChallengeStore.swift */,
				E2BE138CBEA47AFE2B8D7B81 /* ReminderService.swift */,
				3B62E35ED1FD50159E5B0534 /* Cloud */,
				BE67D6C9A07C07261295C49C /* Media */,
				CFF57C0A3E86DD55CB0510E7 /* Notifications */,
				27276296D355D110F529BA5C /* Persistence */,
			);
			path = Services;
			sourceTree = "<group>";
		};
/* End PBXGroup section */

/* Begin PBXNativeTarget section */
		654D053B604AD1693445474F /* AISetlogUITests */ = {
			isa = PBXNativeTarget;
			buildConfigurationList = 5E25D016ED008C2149EDB4DD /* Build configuration list for PBXNativeTarget "AISetlogUITests" */;
			buildPhases = (
				E82B266CF7998A3D3009883B /* Sources */,
			);
			buildRules = (
			);
			dependencies = (
				986B36392C4C442E20CCD6A3 /* PBXTargetDependency */,
			);
			name = AISetlogUITests;
			packageProductDependencies = (
			);
			productName = AISetlogUITests;
			productReference = 9159395B2F82F291A759372A /* AISetlogUITests.xctest */;
			productType = "com.apple.product-type.bundle.ui-testing";
		};
		8D75B5404776D2624BE354D4 /* AISetlog */ = {
			isa = PBXNativeTarget;
			buildConfigurationList = 19049378F15985EC9FFF3272 /* Build configuration list for PBXNativeTarget "AISetlog" */;
			buildPhases = (
				7C918C07784EF8DD4A9B8A22 /* Sources */,
				103DBB57F14A9AB0982ED39C /* Resources */,
			);
			buildRules = (
			);
			dependencies = (
			);
			name = AISetlog;
			packageProductDependencies = (
			);
			productName = AISetlog;
			productReference = 5276B699CA06586366605748 /* AISetlog.app */;
			productType = "com.apple.product-type.application";
		};
		EAEC33BFA6E313DAC36A7B0E /* AISetlogTests */ = {
			isa = PBXNativeTarget;
			buildConfigurationList = 30D9E53C5C4D252419F1C02F /* Build configuration list for PBXNativeTarget "AISetlogTests" */;
			buildPhases = (
				BABB7CC33E1C15335C5EB30A /* Sources */,
			);
			buildRules = (
			);
			dependencies = (
				764FF650AC57DA93D8191C81 /* PBXTargetDependency */,
			);
			name = AISetlogTests;
			packageProductDependencies = (
			);
			productName = AISetlogTests;
			productReference = 71F4B8537CFE73ED795CBBE3 /* AISetlogTests.xctest */;
			productType = "com.apple.product-type.bundle.unit-test";
		};
/* End PBXNativeTarget section */

/* Begin PBXProject section */
		B714AC763B8DC6B6CDF9CEF4 /* Project object */ = {
			isa = PBXProject;
			attributes = {
				BuildIndependentTargetsInParallel = YES;
				LastUpgradeCheck = 1430;
				TargetAttributes = {
					654D053B604AD1693445474F = {
						TestTargetID = 8D75B5404776D2624BE354D4;
					};
					8D75B5404776D2624BE354D4 = {
						DevelopmentTeam = M7BPQ88622;
						ProvisioningStyle = Automatic;
					};
				};
			};
			buildConfigurationList = 890525F6D7F51FC08F80B800 /* Build configuration list for PBXProject "AISetlog" */;
			developmentRegion = en;
			hasScannedForEncodings = 0;
			knownRegions = (
				Base,
				en,
				"zh-Hans",
			);
			mainGroup = 92B50AF78FB38492FA1F9291;
			minimizedProjectReferenceProxies = 1;
			preferredProjectObjectVersion = 77;
			productRefGroup = 6C35C6A629A1CF06A3EE5D4D /* Products */;
			projectDirPath = "";
			projectRoot = "";
			targets = (
				8D75B5404776D2624BE354D4 /* AISetlog */,
				EAEC33BFA6E313DAC36A7B0E /* AISetlogTests */,
				654D053B604AD1693445474F /* AISetlogUITests */,
			);
		};
/* End PBXProject section */

/* Begin PBXResourcesBuildPhase section */
		103DBB57F14A9AB0982ED39C /* Resources */ = {
			isa = PBXResourcesBuildPhase;
			buildActionMask = 2147483647;
			files = (
				C6B267B599F7D352342E5315 /* Assets.xcassets in Resources */,
				2A2DD3C2BA7A8D6CEFD71489 /* InfoPlist.strings in Resources */,
				5AA84EC4E4FEE570F9E5E78B /* PrivacyInfo.xcprivacy in Resources */,
				AA1391571502CFE25EEDAA5E /* sample-film.mp4 in Resources */,
			);
			runOnlyForDeploymentPostprocessing = 0;
		};
/* End PBXResourcesBuildPhase section */

/* Begin PBXSourcesBuildPhase section */
		7C918C07784EF8DD4A9B8A22 /* Sources */ = {
			isa = PBXSourcesBuildPhase;
			buildActionMask = 2147483647;
			files = (
				586AF2600531B99839F3ECEF /* AISetlogApp.swift in Sources */,
				67D8CB52089F388B44C725C3 /* AccountStore.swift in Sources */,
				A6AAF976535B511EDABE4BBF /* AvatarStack.swift in Sources */,
				5B6DE91ABBC34EFBBD138A5F /* BoardTheme.swift in Sources */,
				2FF3618880D31EBE758A582E /* BuildTemplateView.swift in Sources */,
				2AD9583C53C6A55CD773CC0C /* CameraComponents.swift in Sources */,
				7E8BEF849C579E4C2BA064A7 /* Challenge.swift in Sources */,
				87B43DAA272CACEFA7291E28 /* ChallengePresenter.swift in Sources */,
				ABA3F184ED9F5F221FC69467 /* ChallengeRepository.swift in Sources */,
				72BB38409A834950DC0B8376 /* ChallengeStore.swift in Sources */,
				E538DFC3DB8E4704C64ED6FF /* ChallengeTemplate.swift in Sources */,
				22DF98AB87695CF709B9BFDA /* ClipFileStore.swift in Sources */,
				6FA312785659F9EF7190F15E /* ClipInteraction.swift in Sources */,
				54BC59A4D84A8547653AC09A /* ClipPlayback.swift in Sources */,
				1B32938AD2D687D0ADCA77B3 /* ClipPreviewComponents.swift in Sources */,
				B1D076EB4830B7B50BEC6B47 /* ClipPreviewView.swift in Sources */,
				E4856DCD8401EA9875206061 /* ClipRecorder.swift in Sources */,
				B4B8040731E08FEF6E7CE47C /* CloudKitService.swift in Sources */,
				7CC660696787B3AE773F541B /* ComposerSteps.swift in Sources */,
				D3CB195CDE74A66B36954C10 /* DayCard.swift in Sources */,
				1F37BFE90A0883A53F0CF4BE /* DayClip.swift in Sources */,
				CEAE66C5F13CA47734782F1A /* DemoClipFactory.swift in Sources */,
				C6CFE97F01C60F17A9CCE835 /* FilmView.swift in Sources */,
				1D594261F817EA77C9010C27 /* FinalFilmTimeline.swift in Sources */,
				FDC932372082D8FE3812C671 /* FirstRunOnboardingView.swift in Sources */,
				CC5D2220CC11B1DBECE0ABA6 /* FloatingTabBar.swift in Sources */,
				0A5FC5734BDBBDA9654D3588 /* GeneratingFilm.swift in Sources */,
				575E54F104D80A114762C420 /* GuidedMomentsView.swift in Sources */,
				9592A94F4960D646C187019A /* HomeHeaderSummary.swift in Sources */,
				B433A345D45D85E1B641928E /* Identity+Color.swift in Sources */,
				E890890209424E337E127B55 /* Identity.swift in Sources */,
				70A01067E178AD7F0A0A3004 /* JoinInviteSheet.swift in Sources */,
				8D1A5A68DF6BA0461E980BF1 /* Localization.swift in Sources */,
				B2226293963B94F0DE5E30BD /* MemberChip.swift in Sources */,
				B69D9E828BF48E81B54F17E2 /* ModelDisplayText.swift in Sources */,
				D0049DC717160AD6A533D366 /* MomentCatalog.swift in Sources */,
				D75DD6F852BD4EA33A3E8833 /* NotificationCoordinator.swift in Sources */,
				B8BC2FD3F3ED65CB60949595 /* NotificationPrimerView.swift in Sources */,
				BEE46540CE9EB7A802B05D16 /* OneDayControls.swift in Sources */,
				2B9ABAA10DB55D595B5C0067 /* OneDaySurfaces.swift in Sources */,
				DA28A7A9F684F7ED9192EF72 /* PlansHomeView.swift in Sources */,
				DDA69B1DB0F5875459629744 /* ProgressRing.swift in Sources */,
				7E9B4219C8D6196273ECE291 /* RecordClipView.swift in Sources */,
				4BF03CC71350B5D34B616932 /* ReminderService.swift in Sources */,
				1CF9553D522526F39E799665 /* RoomSyncService.swift in Sources */,
				3AACADA55B944C1F045B2B09 /* RootShellView.swift in Sources */,
				69C7707A02F0831EE4945794 /* SettingsView.swift in Sources */,
				63DB6F142539AA1B767B9953 /* SharedActivityNotificationService.swift in Sources */,
				F5FB6686461ADD69FEE12B09 /* SignInView.swift in Sources */,
				806E0202071BA2FD07F359EA /* StitchedMomentPreview.swift in Sources */,
				A8BBBFB3731891646D619B30 /* StoryCard.swift in Sources */,
				F59980780B969C45E7093738 /* StoryComposerView.swift in Sources */,
				5AA2B95A97D5608F8A3FB0D2 /* StoryGridView.swift in Sources */,
				D9D4473D30AAF92EDA832329 /* StorySchedule.swift in Sources */,
				3FC822A27E374AA692D73A4D /* StoryTimelineView.swift in Sources */,
				710BDE7134B50D9B689B85A8 /* TemplateCard.swift in Sources */,
				359934DE9703C561BD773EEA /* Theme.swift in Sources */,
				319C3B6B634790E42F500D9A /* TimelineClip.swift in Sources */,
				B7B4BF6AEECB218511A14B35 /* TimelineHeader.swift in Sources */,
				563F86A16EC88D4D55B8CB04 /* VideoStitcher.swift in Sources */,
				5C5F0F46766760C4238CA71B /* VlogPlayer.swift in Sources */,
			);
			runOnlyForDeploymentPostprocessing = 0;
		};
		BABB7CC33E1C15335C5EB30A /* Sources */ = {
			isa = PBXSourcesBuildPhase;
			buildActionMask = 2147483647;
			files = (
				01ED0D8617160F0FE7C242AE /* ChallengeStateTests.swift in Sources */,
				E6B92F0093A90EDDE3F0F08A /* ClipFixtureFactory.swift in Sources */,
				7DBC79C73BE96F8F05EC3ADC /* CloudKitIdempotencyTests.swift in Sources */,
				91462E380EFCCFEDDAA578AD /* CloudKitPaginationTests.swift in Sources */,
				9ACA019799B6AA5A3B6CF38B /* DemoClipFactoryTests.swift in Sources */,
				F58DE78F432CEC831C3606EF /* GridTapTests.swift in Sources */,
				B3C26869172D622BF93B9838 /* HomeHeaderSummaryTests.swift in Sources */,
				B50AE57A978E1079AF2DD667 /* InviteCodeTests.swift in Sources */,
				A382983CBFDA9838105E9E66 /* JoinedRoomTests.swift in Sources */,
				1D93DD01DB9ACDB322995D4E /* LocalizationTests.swift in Sources */,
				94FA1CA14DC73ADCF0885E26 /* NotificationTests.swift in Sources */,
				F9986D0EA9F5BCF51E83F8D4 /* RoomSyncIntegrationTests.swift in Sources */,
				CF9F22C74B5EFAB28EE27138 /* SharedRoomFilmTests.swift in Sources */,
				938D7AD5D9086826F0097F4A /* VideoStitcherTests.swift in Sources */,
			);
			runOnlyForDeploymentPostprocessing = 0;
		};
		E82B266CF7998A3D3009883B /* Sources */ = {
			isa = PBXSourcesBuildPhase;
			buildActionMask = 2147483647;
			files = (
				DFFDB4F413D52642A9B3DFDE /* CreationFlowUITests.swift in Sources */,
			);
			runOnlyForDeploymentPostprocessing = 0;
		};
/* End PBXSourcesBuildPhase section */

/* Begin PBXTargetDependency section */
		764FF650AC57DA93D8191C81 /* PBXTargetDependency */ = {
			isa = PBXTargetDependency;
			target = 8D75B5404776D2624BE354D4 /* AISetlog */;
			targetProxy = 7FE31AB379EF8FBD45017AFF /* PBXContainerItemProxy */;
		};
		986B36392C4C442E20CCD6A3 /* PBXTargetDependency */ = {
			isa = PBXTargetDependency;
			target = 8D75B5404776D2624BE354D4 /* AISetlog */;
			targetProxy = 86EA8DBA8A8B4D12B89F968A /* PBXContainerItemProxy */;
		};
/* End PBXTargetDependency section */

/* Begin PBXVariantGroup section */
		C8D1086383EEF6A0070567C4 /* InfoPlist.strings */ = {
			isa = PBXVariantGroup;
			children = (
				E5705E42B10C9FF7234A2E15 /* en */,
				D496FA2FD678B671A1723CCE /* zh-Hans */,
			);
			name = InfoPlist.strings;
			sourceTree = "<group>";
		};
/* End PBXVariantGroup section */

/* Begin XCBuildConfiguration section */
		3717FEA6893F508549585221 /* Release */ = {
			isa = XCBuildConfiguration;
			buildSettings = {
				BUNDLE_LOADER = "$(TEST_HOST)";
				GENERATE_INFOPLIST_FILE = YES;
				LD_RUNPATH_SEARCH_PATHS = (
					"$(inherited)",
					"@executable_path/Frameworks",
					"@loader_path/Frameworks",
				);
				PRODUCT_BUNDLE_IDENTIFIER = com.cassie.AISetlogUITests;
				SDKROOT = iphoneos;
				TARGETED_DEVICE_FAMILY = "1,2";
				TEST_TARGET_NAME = AISetlog;
			};
			name = Release;
		};
		66597BADACE264BB790A1ED2 /* Debug */ = {
			isa = XCBuildConfiguration;
			buildSettings = {
				APS_ENVIRONMENT = development;
				ASSETCATALOG_COMPILER_APPICON_NAME = AppIcon;
				CODE_SIGN_ENTITLEMENTS = AISetlog/AISetlog.entitlements;
				CODE_SIGN_IDENTITY = "iPhone Developer";
				CODE_SIGN_STYLE = Automatic;
				CURRENT_PROJECT_VERSION = 7;
				DEVELOPMENT_TEAM = M7BPQ88622;
				INFOPLIST_FILE = AISetlog/Info.plist;
				LD_RUNPATH_SEARCH_PATHS = (
					"$(inherited)",
					"@executable_path/Frameworks",
				);
				MARKETING_VERSION = 1.2;
				PRODUCT_BUNDLE_IDENTIFIER = com.cassie.AISetlog;
				SDKROOT = iphoneos;
				TARGETED_DEVICE_FAMILY = 1;
			};
			name = Debug;
		};
		AEAD11D0A724A1D5A143E391 /* Release */ = {
			isa = XCBuildConfiguration;
			buildSettings = {
				ALWAYS_SEARCH_USER_PATHS = NO;
				CLANG_ANALYZER_NONNULL = YES;
				CLANG_ANALYZER_NUMBER_OBJECT_CONVERSION = YES_AGGRESSIVE;
				CLANG_CXX_LANGUAGE_STANDARD = "gnu++14";
				CLANG_CXX_LIBRARY = "libc++";
				CLANG_ENABLE_MODULES = YES;
				CLANG_ENABLE_OBJC_ARC = YES;
				CLANG_ENABLE_OBJC_WEAK = YES;
				CLANG_WARN_BLOCK_CAPTURE_AUTORELEASING = YES;
				CLANG_WARN_BOOL_CONVERSION = YES;
				CLANG_WARN_COMMA = YES;
				CLANG_WARN_CONSTANT_CONVERSION = YES;
				CLANG_WARN_DEPRECATED_OBJC_IMPLEMENTATIONS = YES;
				CLANG_WARN_DIRECT_OBJC_ISA_USAGE = YES_ERROR;
				CLANG_WARN_DOCUMENTATION_COMMENTS = YES;
				CLANG_WARN_EMPTY_BODY = YES;
				CLANG_WARN_ENUM_CONVERSION = YES;
				CLANG_WARN_INFINITE_RECURSION = YES;
				CLANG_WARN_INT_CONVERSION = YES;
				CLANG_WARN_NON_LITERAL_NULL_CONVERSION = YES;
				CLANG_WARN_OBJC_IMPLICIT_RETAIN_SELF = YES;
				CLANG_WARN_OBJC_LITERAL_CONVERSION = YES;
				CLANG_WARN_OBJC_ROOT_CLASS = YES_ERROR;
				CLANG_WARN_QUOTED_INCLUDE_IN_FRAMEWORK_HEADER = YES;
				CLANG_WARN_RANGE_LOOP_ANALYSIS = YES;
				CLANG_WARN_STRICT_PROTOTYPES = YES;
				CLANG_WARN_SUSPICIOUS_MOVE = YES;
				CLANG_WARN_UNGUARDED_AVAILABILITY = YES_AGGRESSIVE;
				CLANG_WARN_UNREACHABLE_CODE = YES;
				CLANG_WARN__DUPLICATE_METHOD_MATCH = YES;
				COPY_PHASE_STRIP = NO;
				DEBUG_INFORMATION_FORMAT = "dwarf-with-dsym";
				ENABLE_NS_ASSERTIONS = NO;
				ENABLE_STRICT_OBJC_MSGSEND = YES;
				GCC_C_LANGUAGE_STANDARD = gnu11;
				GCC_NO_COMMON_BLOCKS = YES;
				GCC_WARN_64_TO_32_BIT_CONVERSION = YES;
				GCC_WARN_ABOUT_RETURN_TYPE = YES_ERROR;
				GCC_WARN_UNDECLARED_SELECTOR = YES;
				GCC_WARN_UNINITIALIZED_AUTOS = YES_AGGRESSIVE;
				GCC_WARN_UNUSED_FUNCTION = YES;
				GCC_WARN_UNUSED_VARIABLE = YES;
				IPHONEOS_DEPLOYMENT_TARGET = 17.0;
				MTL_ENABLE_DEBUG_INFO = NO;
				MTL_FAST_MATH = YES;
				PRODUCT_NAME = "$(TARGET_NAME)";
				SDKROOT = iphoneos;
				SWIFT_COMPILATION_MODE = wholemodule;
				SWIFT_OPTIMIZATION_LEVEL = "-O";
				SWIFT_VERSION = 5.9;
			};
			name = Release;
		};
		B4093B2F8D7D14AFAB0F4029 /* Debug */ = {
			isa = XCBuildConfiguration;
			buildSettings = {
				ALWAYS_SEARCH_USER_PATHS = NO;
				CLANG_ANALYZER_NONNULL = YES;
				CLANG_ANALYZER_NUMBER_OBJECT_CONVERSION = YES_AGGRESSIVE;
				CLANG_CXX_LANGUAGE_STANDARD = "gnu++14";
				CLANG_CXX_LIBRARY = "libc++";
				CLANG_ENABLE_MODULES = YES;
				CLANG_ENABLE_OBJC_ARC = YES;
				CLANG_ENABLE_OBJC_WEAK = YES;
				CLANG_WARN_BLOCK_CAPTURE_AUTORELEASING = YES;
				CLANG_WARN_BOOL_CONVERSION = YES;
				CLANG_WARN_COMMA = YES;
				CLANG_WARN_CONSTANT_CONVERSION = YES;
				CLANG_WARN_DEPRECATED_OBJC_IMPLEMENTATIONS = YES;
				CLANG_WARN_DIRECT_OBJC_ISA_USAGE = YES_ERROR;
				CLANG_WARN_DOCUMENTATION_COMMENTS = YES;
				CLANG_WARN_EMPTY_BODY = YES;
				CLANG_WARN_ENUM_CONVERSION = YES;
				CLANG_WARN_INFINITE_RECURSION = YES;
				CLANG_WARN_INT_CONVERSION = YES;
				CLANG_WARN_NON_LITERAL_NULL_CONVERSION = YES;
				CLANG_WARN_OBJC_IMPLICIT_RETAIN_SELF = YES;
				CLANG_WARN_OBJC_LITERAL_CONVERSION = YES;
				CLANG_WARN_OBJC_ROOT_CLASS = YES_ERROR;
				CLANG_WARN_QUOTED_INCLUDE_IN_FRAMEWORK_HEADER = YES;
				CLANG_WARN_RANGE_LOOP_ANALYSIS = YES;
				CLANG_WARN_STRICT_PROTOTYPES = YES;
				CLANG_WARN_SUSPICIOUS_MOVE = YES;
				CLANG_WARN_UNGUARDED_AVAILABILITY = YES_AGGRESSIVE;
				CLANG_WARN_UNREACHABLE_CODE = YES;
				CLANG_WARN__DUPLICATE_METHOD_MATCH = YES;
				COPY_PHASE_STRIP = NO;
				DEBUG_INFORMATION_FORMAT = dwarf;
				ENABLE_STRICT_OBJC_MSGSEND = YES;
				ENABLE_TESTABILITY = YES;
				GCC_C_LANGUAGE_STANDARD = gnu11;
				GCC_DYNAMIC_NO_PIC = NO;
				GCC_NO_COMMON_BLOCKS = YES;
				GCC_OPTIMIZATION_LEVEL = 0;
				GCC_PREPROCESSOR_DEFINITIONS = (
					"$(inherited)",
					"DEBUG=1",
				);
				GCC_WARN_64_TO_32_BIT_CONVERSION = YES;
				GCC_WARN_ABOUT_RETURN_TYPE = YES_ERROR;
				GCC_WARN_UNDECLARED_SELECTOR = YES;
				GCC_WARN_UNINITIALIZED_AUTOS = YES_AGGRESSIVE;
				GCC_WARN_UNUSED_FUNCTION = YES;
				GCC_WARN_UNUSED_VARIABLE = YES;
				IPHONEOS_DEPLOYMENT_TARGET = 17.0;
				MTL_ENABLE_DEBUG_INFO = INCLUDE_SOURCE;
				MTL_FAST_MATH = YES;
				ONLY_ACTIVE_ARCH = YES;
				PRODUCT_NAME = "$(TARGET_NAME)";
				SDKROOT = iphoneos;
				SWIFT_ACTIVE_COMPILATION_CONDITIONS = DEBUG;
				SWIFT_OPTIMIZATION_LEVEL = "-Onone";
				SWIFT_VERSION = 5.9;
			};
			name = Debug;
		};
		C39FE7689DBA2ACF9B96F1AA /* Debug */ = {
			isa = XCBuildConfiguration;
			buildSettings = {
				BUNDLE_LOADER = "$(TEST_HOST)";
				GENERATE_INFOPLIST_FILE = YES;
				LD_RUNPATH_SEARCH_PATHS = (
					"$(inherited)",
					"@executable_path/Frameworks",
					"@loader_path/Frameworks",
				);
				PRODUCT_BUNDLE_IDENTIFIER = com.cassie.AISetlogUITests;
				SDKROOT = iphoneos;
				TARGETED_DEVICE_FAMILY = "1,2";
				TEST_TARGET_NAME = AISetlog;
			};
			name = Debug;
		};
		DF7E6BC1F6E19E6DF7DB5C70 /* Debug */ = {
			isa = XCBuildConfiguration;
			buildSettings = {
				BUNDLE_LOADER = "$(TEST_HOST)";
				GENERATE_INFOPLIST_FILE = YES;
				LD_RUNPATH_SEARCH_PATHS = (
					"$(inherited)",
					"@executable_path/Frameworks",
					"@loader_path/Frameworks",
				);
				PRODUCT_BUNDLE_IDENTIFIER = com.cassie.AISetlogTests;
				SDKROOT = iphoneos;
				TARGETED_DEVICE_FAMILY = "1,2";
				TEST_HOST = "$(BUILT_PRODUCTS_DIR)/AISetlog.app/AISetlog";
			};
			name = Debug;
		};
		E814810E8526B4650874FAF9 /* Release */ = {
			isa = XCBuildConfiguration;
			buildSettings = {
				APS_ENVIRONMENT = production;
				ASSETCATALOG_COMPILER_APPICON_NAME = AppIcon;
				CODE_SIGN_ENTITLEMENTS = AISetlog/AISetlog.entitlements;
				CODE_SIGN_IDENTITY = "iPhone Developer";
				CODE_SIGN_STYLE = Automatic;
				CURRENT_PROJECT_VERSION = 7;
				DEVELOPMENT_TEAM = M7BPQ88622;
				INFOPLIST_FILE = AISetlog/Info.plist;
				LD_RUNPATH_SEARCH_PATHS = (
					"$(inherited)",
					"@executable_path/Frameworks",
				);
				MARKETING_VERSION = 1.2;
				PRODUCT_BUNDLE_IDENTIFIER = com.cassie.AISetlog;
				SDKROOT = iphoneos;
				TARGETED_DEVICE_FAMILY = 1;
			};
			name = Release;
		};
		F6B7C963F7DAC83031564D62 /* Release */ = {
			isa = XCBuildConfiguration;
			buildSettings = {
				BUNDLE_LOADER = "$(TEST_HOST)";
				GENERATE_INFOPLIST_FILE = YES;
				LD_RUNPATH_SEARCH_PATHS = (
					"$(inherited)",
					"@executable_path/Frameworks",
					"@loader_path/Frameworks",
				);
				PRODUCT_BUNDLE_IDENTIFIER = com.cassie.AISetlogTests;
				SDKROOT = iphoneos;
				TARGETED_DEVICE_FAMILY = "1,2";
				TEST_HOST = "$(BUILT_PRODUCTS_DIR)/AISetlog.app/AISetlog";
			};
			name = Release;
		};
/* End XCBuildConfiguration section */

/* Begin XCConfigurationList section */
		19049378F15985EC9FFF3272 /* Build configuration list for PBXNativeTarget "AISetlog" */ = {
			isa = XCConfigurationList;
			buildConfigurations = (
				66597BADACE264BB790A1ED2 /* Debug */,
				E814810E8526B4650874FAF9 /* Release */,
			);
			defaultConfigurationIsVisible = 0;
			defaultConfigurationName = Debug;
		};
		30D9E53C5C4D252419F1C02F /* Build configuration list for PBXNativeTarget "AISetlogTests" */ = {
			isa = XCConfigurationList;
			buildConfigurations = (
				DF7E6BC1F6E19E6DF7DB5C70 /* Debug */,
				F6B7C963F7DAC83031564D62 /* Release */,
			);
			defaultConfigurationIsVisible = 0;
			defaultConfigurationName = Debug;
		};
		5E25D016ED008C2149EDB4DD /* Build configuration list for PBXNativeTarget "AISetlogUITests" */ = {
			isa = XCConfigurationList;
			buildConfigurations = (
				C39FE7689DBA2ACF9B96F1AA /* Debug */,
				3717FEA6893F508549585221 /* Release */,
			);
			defaultConfigurationIsVisible = 0;
			defaultConfigurationName = Debug;
		};
		890525F6D7F51FC08F80B800 /* Build configuration list for PBXProject "AISetlog" */ = {
			isa = XCConfigurationList;
			buildConfigurations = (
				B4093B2F8D7D14AFAB0F4029 /* Debug */,
				AEAD11D0A724A1D5A143E391 /* Release */,
			);
			defaultConfigurationIsVisible = 0;
			defaultConfigurationName = Debug;
		};
/* End XCConfigurationList section */
	};
	rootObject = B714AC763B8DC6B6CDF9CEF4 /* Project object */;
}
